// !$*UTF8*$!
{
	archiveVersion = 1;
	classes = {
	};
	objectVersion = 55;
	objects = {

/* Begin PBXBuildFile section */
		C73BC324287573D300DC2D12 /* ExampleOneTabBarViewController.swift in Sources */ = {isa = PBXBuildFile; fileRef = C73BC323287573D300DC2D12 /* ExampleOneTabBarViewController.swift */; };
		C73BC326287573F100DC2D12 /* Root.storyboard in Resources */ = {isa = PBXBuildFile; fileRef = C73BC325287573F100DC2D12 /* Root.storyboard */; };
		C73BC3462875755600DC2D12 /* RegisterView.xib in Resources */ = {isa = PBXBuildFile; fileRef = C73BC3342875755500DC2D12 /* RegisterView.xib */; };
		C73BC34E2875755600DC2D12 /* MainMenuView.xib in Resources */ = {isa = PBXBuildFile; fileRef = C73BC3422875755600DC2D12 /* MainMenuView.xib */; };
		C73BC350287575BD00DC2D12 /* LoginView.xib in Resources */ = {isa = PBXBuildFile; fileRef = C73BC34F287575BD00DC2D12 /* LoginView.xib */; };
		C73BC3522875766000DC2D12 /* Contents.swift in Sources */ = {isa = PBXBuildFile; fileRef = C73BC3512875766000DC2D12 /* Contents.swift */; };
		C73BC354287576ED00DC2D12 /* RegisterModel.swift in Sources */ = {isa = PBXBuildFile; fileRef = C73BC353287576ED00DC2D12 /* RegisterModel.swift */; };
		C73BC3562875773200DC2D12 /* LoginModel.swift in Sources */ = {isa = PBXBuildFile; fileRef = C73BC3552875773200DC2D12 /* LoginModel.swift */; };
		C73BC3582875775500DC2D12 /* HTTPManagerProtocol.swift in Sources */ = {isa = PBXBuildFile; fileRef = C73BC3572875775500DC2D12 /* HTTPManagerProtocol.swift */; };
		C73BC35A287577CA00DC2D12 /* URLSessionDataTaskProtocol.swift in Sources */ = {isa = PBXBuildFile; fileRef = C73BC359287577CA00DC2D12 /* URLSessionDataTaskProtocol.swift */; };
		C73BC35C287577E800DC2D12 /* URLSessionProtocol.swift in Sources */ = {isa = PBXBuildFile; fileRef = C73BC35B287577E800DC2D12 /* URLSessionProtocol.swift */; };
		C73BC35E2875787000DC2D12 /* HTTPManager+Extension.swift in Sources */ = {isa = PBXBuildFile; fileRef = C73BC35D2875787000DC2D12 /* HTTPManager+Extension.swift */; };
		C73BC3602875788500DC2D12 /* URLSessionDataTask+Extension.swift in Sources */ = {isa = PBXBuildFile; fileRef = C73BC35F2875788500DC2D12 /* URLSessionDataTask+Extension.swift */; };
		C73BC364287578C300DC2D12 /* HTTPManager.swift in Sources */ = {isa = PBXBuildFile; fileRef = C73BC363287578C300DC2D12 /* HTTPManager.swift */; };
		C73BC36628757ADA00DC2D12 /* URLSession+Extension.swift in Sources */ = {isa = PBXBuildFile; fileRef = C73BC36528757ADA00DC2D12 /* URLSession+Extension.swift */; };
		C73BC36A28757BDB00DC2D12 /* KeyChainProtocol.swift in Sources */ = {isa = PBXBuildFile; fileRef = C73BC36928757BDB00DC2D12 /* KeyChainProtocol.swift */; };
		C73BC36C28757C1300DC2D12 /* KeyChain.swift in Sources */ = {isa = PBXBuildFile; fileRef = C73BC36B28757C1300DC2D12 /* KeyChain.swift */; };
		C73BC36E28757CBF00DC2D12 /* Data+Extension.swift in Sources */ = {isa = PBXBuildFile; fileRef = C73BC36D28757CBF00DC2D12 /* Data+Extension.swift */; };
		C73BC37028757D8600DC2D12 /* KeyChainError.swift in Sources */ = {isa = PBXBuildFile; fileRef = C73BC36F28757D8600DC2D12 /* KeyChainError.swift */; };
		C73BC37228757DA600DC2D12 /* KeyChainManagerProtocol.swift in Sources */ = {isa = PBXBuildFile; fileRef = C73BC37128757DA600DC2D12 /* KeyChainManagerProtocol.swift */; };
		C73BC37428757DFB00DC2D12 /* KeyChainManager.swift in Sources */ = {isa = PBXBuildFile; fileRef = C73BC37328757DFB00DC2D12 /* KeyChainManager.swift */; };
		C73BC37628757EEF00DC2D12 /* UserDataManagerProtocol.swift in Sources */ = {isa = PBXBuildFile; fileRef = C73BC37528757EEF00DC2D12 /* UserDataManagerProtocol.swift */; };
		C73BC37828757F1500DC2D12 /* UserDataManager.swift in Sources */ = {isa = PBXBuildFile; fileRef = C73BC37728757F1500DC2D12 /* UserDataManager.swift */; };
		C73BC37C2875916700DC2D12 /* ObjectAssociation.swift in Sources */ = {isa = PBXBuildFile; fileRef = C73BC37B2875916700DC2D12 /* ObjectAssociation.swift */; };
		C73BC37E2875925000DC2D12 /* API.swift in Sources */ = {isa = PBXBuildFile; fileRef = C73BC37D2875925000DC2D12 /* API.swift */; };
		C73BC380287592D300DC2D12 /* UIWindow+Extension.swift in Sources */ = {isa = PBXBuildFile; fileRef = C73BC37F287592D300DC2D12 /* UIWindow+Extension.swift */; };
		C73BC3822875936C00DC2D12 /* UIActivityIndicator+Extension.swift in Sources */ = {isa = PBXBuildFile; fileRef = C73BC3812875936C00DC2D12 /* UIActivityIndicator+Extension.swift */; };
		C7698471287473110084ACFB /* AppDelegate.swift in Sources */ = {isa = PBXBuildFile; fileRef = C7698470287473110084ACFB /* AppDelegate.swift */; };
		C7698473287473110084ACFB /* SceneDelegate.swift in Sources */ = {isa = PBXBuildFile; fileRef = C7698472287473110084ACFB /* SceneDelegate.swift */; };
		C7698475287473110084ACFB /* StartViewController.swift in Sources */ = {isa = PBXBuildFile; fileRef = C7698474287473110084ACFB /* StartViewController.swift */; };
		C7698478287473110084ACFB /* Example1.storyboard in Resources */ = {isa = PBXBuildFile; fileRef = C7698476287473110084ACFB /* Example1.storyboard */; };
		C769847A287473120084ACFB /* Assets.xcassets in Resources */ = {isa = PBXBuildFile; fileRef = C7698479287473120084ACFB /* Assets.xcassets */; };
		C769847D287473120084ACFB /* LaunchScreen.storyboard in Resources */ = {isa = PBXBuildFile; fileRef = C769847B287473120084ACFB /* LaunchScreen.storyboard */; };
		C7C045DD287477C300A5F7BD /* BlogPost.swift in Sources */ = {isa = PBXBuildFile; fileRef = C7C045DC287477C300A5F7BD /* BlogPost.swift */; };
		C7C045E02874781500A5F7BD /* Notification+Extension.swift in Sources */ = {isa = PBXBuildFile; fileRef = C7C045DF2874781500A5F7BD /* Notification+Extension.swift */; };
		C7C045E228747E7700A5F7BD /* TermsViewController.swift in Sources */ = {isa = PBXBuildFile; fileRef = C7C045E128747E7700A5F7BD /* TermsViewController.swift */; };
		C7C045E428747FC400A5F7BD /* SignupViewController.swift in Sources */ = {isa = PBXBuildFile; fileRef = C7C045E328747FC400A5F7BD /* SignupViewController.swift */; };
/* End PBXBuildFile section */

/* Begin PBXFileReference section */
		C73BC323287573D300DC2D12 /* ExampleOneTabBarViewController.swift */ = {isa = PBXFileReference; lastKnownFileType = sourcecode.swift; path = ExampleOneTabBarViewController.swift; sourceTree = "<group>"; };
		C73BC325287573F100DC2D12 /* Root.storyboard */ = {isa = PBXFileReference; lastKnownFileType = file.storyboard; path = Root.storyboard; sourceTree = "<group>"; };
		C73BC3342875755500DC2D12 /* RegisterView.xib */ = {isa = PBXFileReference; fileEncoding = 4; lastKnownFileType = file.xib; path = RegisterView.xib; sourceTree = "<group>"; };
		C73BC3422875755600DC2D12 /* MainMenuView.xib */ = {isa = PBXFileReference; fileEncoding = 4; lastKnownFileType = file.xib; path = MainMenuView.xib; sourceTree = "<group>"; };
		C73BC34F287575BD00DC2D12 /* LoginView.xib */ = {isa = PBXFileReference; fileEncoding = 4; lastKnownFileType = file.xib; path = LoginView.xib; sourceTree = "<group>"; };
		C73BC3512875766000DC2D12 /* Contents.swift */ = {isa = PBXFileReference; lastKnownFileType = sourcecode.swift; path = Contents.swift; sourceTree = "<group>"; };
		C73BC353287576ED00DC2D12 /* RegisterModel.swift */ = {isa = PBXFileReference; lastKnownFileType = sourcecode.swift; path = RegisterModel.swift; sourceTree = "<group>"; };
		C73BC3552875773200DC2D12 /* LoginModel.swift */ = {isa = PBXFileReference; lastKnownFileType = sourcecode.swift; path = LoginModel.swift; sourceTree = "<group>"; };
		C73BC3572875775500DC2D12 /* HTTPManagerProtocol.swift */ = {isa = PBXFileReference; lastKnownFileType = sourcecode.swift; path = HTTPManagerProtocol.swift; sourceTree = "<group>"; };
		C73BC359287577CA00DC2D12 /* URLSessionDataTaskProtocol.swift */ = {isa = PBXFileReference; lastKnownFileType = sourcecode.swift; path = URLSessionDataTaskProtocol.swift; sourceTree = "<group>"; };
		C73BC35B287577E800DC2D12 /* URLSessionProtocol.swift */ = {isa = PBXFileReference; lastKnownFileType = sourcecode.swift; path = URLSessionProtocol.swift; sourceTree = "<group>"; };
		C73BC35D2875787000DC2D12 /* HTTPManager+Extension.swift */ = {isa = PBXFileReference; lastKnownFileType = sourcecode.swift; path = "HTTPManager+Extension.swift"; sourceTree = "<group>"; };
		C73BC35F2875788500DC2D12 /* URLSessionDataTask+Extension.swift */ = {isa = PBXFileReference; lastKnownFileType = sourcecode.swift; path = "URLSessionDataTask+Extension.swift"; sourceTree = "<group>"; };
		C73BC363287578C300DC2D12 /* HTTPManager.swift */ = {isa = PBXFileReference; lastKnownFileType = sourcecode.swift; path = HTTPManager.swift; sourceTree = "<group>"; };
		C73BC36528757ADA00DC2D12 /* URLSession+Extension.swift */ = {isa = PBXFileReference; lastKnownFileType = sourcecode.swift; path = "URLSession+Extension.swift"; sourceTree = "<group>"; };
		C73BC36928757BDB00DC2D12 /* KeyChainProtocol.swift */ = {isa = PBXFileReference; lastKnownFileType = sourcecode.swift; path = KeyChainProtocol.swift; sourceTree = "<group>"; };
		C73BC36B28757C1300DC2D12 /* KeyChain.swift */ = {isa = PBXFileReference; lastKnownFileType = sourcecode.swift; path = KeyChain.swift; sourceTree = "<group>"; };
		C73BC36D28757CBF00DC2D12 /* Data+Extension.swift */ = {isa = PBXFileReference; lastKnownFileType = sourcecode.swift; path = "Data+Extension.swift"; sourceTree = "<group>"; };
		C73BC36F28757D8600DC2D12 /* KeyChainError.swift */ = {isa = PBXFileReference; lastKnownFileType = sourcecode.swift; path = KeyChainError.swift; sourceTree = "<group>"; };
		C73BC37128757DA600DC2D12 /* KeyChainManagerProtocol.swift */ = {isa = PBXFileReference; lastKnownFileType = sourcecode.swift; path = KeyChainManagerProtocol.swift; sourceTree = "<group>"; };
		C73BC37328757DFB00DC2D12 /* KeyChainManager.swift */ = {isa = PBXFileReference; lastKnownFileType = sourcecode.swift; path = KeyChainManager.swift; sourceTree = "<group>"; };
		C73BC37528757EEF00DC2D12 /* UserDataManagerProtocol.swift */ = {isa = PBXFileReference; lastKnownFileType = sourcecode.swift; path = UserDataManagerProtocol.swift; sourceTree = "<group>"; };
		C73BC37728757F1500DC2D12 /* UserDataManager.swift */ = {isa = PBXFileReference; lastKnownFileType = sourcecode.swift; path = UserDataManager.swift; sourceTree = "<group>"; };
		C73BC37B2875916700DC2D12 /* ObjectAssociation.swift */ = {isa = PBXFileReference; lastKnownFileType = sourcecode.swift; path = ObjectAssociation.swift; sourceTree = "<group>"; };
		C73BC37D2875925000DC2D12 /* API.swift */ = {isa = PBXFileReference; lastKnownFileType = sourcecode.swift; path = API.swift; sourceTree = "<group>"; };
		C73BC37F287592D300DC2D12 /* UIWindow+Extension.swift */ = {isa = PBXFileReference; lastKnownFileType = sourcecode.swift; path = "UIWindow+Extension.swift"; sourceTree = "<group>"; };
		C73BC3812875936C00DC2D12 /* UIActivityIndicator+Extension.swift */ = {isa = PBXFileReference; lastKnownFileType = sourcecode.swift; path = "UIActivityIndicator+Extension.swift"; sourceTree = "<group>"; };
		C769846D287473110084ACFB /* UIKitCombine.app */ = {isa = PBXFileReference; explicitFileType = wrapper.application; includeInIndex = 0; path = UIKitCombine.app; sourceTree = BUILT_PRODUCTS_DIR; };
		C7698470287473110084ACFB /* AppDelegate.swift */ = {isa = PBXFileReference; lastKnownFileType = sourcecode.swift; path = AppDelegate.swift; sourceTree = "<group>"; };
		C7698472287473110084ACFB /* SceneDelegate.swift */ = {isa = PBXFileReference; lastKnownFileType = sourcecode.swift; path = SceneDelegate.swift; sourceTree = "<group>"; };
		C7698474287473110084ACFB /* StartViewController.swift */ = {isa = PBXFileReference; lastKnownFileType = sourcecode.swift; path = StartViewController.swift; sourceTree = "<group>"; };
		C7698477287473110084ACFB /* Base */ = {isa = PBXFileReference; lastKnownFileType = file.storyboard; name = Base; path = Base.lproj/Example1.storyboard; sourceTree = "<group>"; };
		C7698479287473120084ACFB /* Assets.xcassets */ = {isa = PBXFileReference; lastKnownFileType = folder.assetcatalog; path = Assets.xcassets; sourceTree = "<group>"; };
		C769847C287473120084ACFB /* Base */ = {isa = PBXFileReference; lastKnownFileType = file.storyboard; name = Base; path = Base.lproj/LaunchScreen.storyboard; sourceTree = "<group>"; };
		C769847E287473120084ACFB /* Info.plist */ = {isa = PBXFileReference; lastKnownFileType = text.plist.xml; path = Info.plist; sourceTree = "<group>"; };
		C7C045DC287477C300A5F7BD /* BlogPost.swift */ = {isa = PBXFileReference; lastKnownFileType = sourcecode.swift; path = BlogPost.swift; sourceTree = "<group>"; };
		C7C045DF2874781500A5F7BD /* Notification+Extension.swift */ = {isa = PBXFileReference; lastKnownFileType = sourcecode.swift; path = "Notification+Extension.swift"; sourceTree = "<group>"; };
		C7C045E128747E7700A5F7BD /* TermsViewController.swift */ = {isa = PBXFileReference; lastKnownFileType = sourcecode.swift; path = TermsViewController.swift; sourceTree = "<group>"; };
		C7C045E328747FC400A5F7BD /* SignupViewController.swift */ = {isa = PBXFileReference; lastKnownFileType = sourcecode.swift; path = SignupViewController.swift; sourceTree = "<group>"; };
/* End PBXFileReference section */

/* Begin PBXFrameworksBuildPhase section */
		C769846A287473110084ACFB /* Frameworks */ = {
			isa = PBXFrameworksBuildPhase;
			buildActionMask = 2147483647;
			files = (
			);
			runOnlyForDeploymentPostprocessing = 0;
		};
/* End PBXFrameworksBuildPhase section */

/* Begin PBXGroup section */
		C73BC3222875733D00DC2D12 /* Example1 */ = {
			isa = PBXGroup;
			children = (
				C7C045DE287477F700A5F7BD /* Extension */,
				C7C045DB287477B400A5F7BD /* Model */,
				C76586C128747733007D17E3 /* ViewContoller */,
			);
			path = Example1;
			sourceTree = "<group>";
		};
		C73BC3272875749C00DC2D12 /* Example2 */ = {
			isa = PBXGroup;
			children = (
				C73BC3512875766000DC2D12 /* Contents.swift */,
				C73BC363287578C300DC2D12 /* HTTPManager.swift */,
				C73BC37528757EEF00DC2D12 /* UserDataManagerProtocol.swift */,
				C73BC37728757F1500DC2D12 /* UserDataManager.swift */,
				C73BC329287574C500DC2D12 /* Protocols */,
				C73BC328287574B800DC2D12 /* Model */,
				C73BC33C2875755600DC2D12 /* Extensions */,
				C73BC32D2875755500DC2D12 /* HelperClasses */,
				C73BC3372875755500DC2D12 /* Keychain */,
				C73BC33F2875755600DC2D12 /* MainMenu */,
				C73BC32B2875755500DC2D12 /* Login */,
				C73BC3332875755500DC2D12 /* Registration */,
			);
			path = Example2;
			sourceTree = "<group>";
		};
		C73BC328287574B800DC2D12 /* Model */ = {
			isa = PBXGroup;
			children = (
				C73BC353287576ED00DC2D12 /* RegisterModel.swift */,
				C73BC3552875773200DC2D12 /* LoginModel.swift */,
			);
			path = Model;
			sourceTree = "<group>";
		};
		C73BC329287574C500DC2D12 /* Protocols */ = {
			isa = PBXGroup;
			children = (
				C73BC3572875775500DC2D12 /* HTTPManagerProtocol.swift */,
				C73BC359287577CA00DC2D12 /* URLSessionDataTaskProtocol.swift */,
				C73BC35B287577E800DC2D12 /* URLSessionProtocol.swift */,
				C73BC32A287574CE00DC2D12 /* ProtocolExtensions */,
			);
			path = Protocols;
			sourceTree = "<group>";
		};
		C73BC32A287574CE00DC2D12 /* ProtocolExtensions */ = {
			isa = PBXGroup;
			children = (
				C73BC35D2875787000DC2D12 /* HTTPManager+Extension.swift */,
				C73BC35F2875788500DC2D12 /* URLSessionDataTask+Extension.swift */,
				C73BC36528757ADA00DC2D12 /* URLSession+Extension.swift */,
			);
			path = ProtocolExtensions;
			sourceTree = "<group>";
		};
		C73BC32B2875755500DC2D12 /* Login */ = {
			isa = PBXGroup;
			children = (
				C73BC34F287575BD00DC2D12 /* LoginView.xib */,
			);
			path = Login;
			sourceTree = "<group>";
		};
		C73BC32D2875755500DC2D12 /* HelperClasses */ = {
			isa = PBXGroup;
			children = (
				C73BC37B2875916700DC2D12 /* ObjectAssociation.swift */,
				C73BC37D2875925000DC2D12 /* API.swift */,
			);
			path = HelperClasses;
			sourceTree = "<group>";
		};
		C73BC3332875755500DC2D12 /* Registration */ = {
			isa = PBXGroup;
			children = (
				C73BC3342875755500DC2D12 /* RegisterView.xib */,
			);
			path = Registration;
			sourceTree = "<group>";
		};
		C73BC3372875755500DC2D12 /* Keychain */ = {
			isa = PBXGroup;
			children = (
				C73BC36928757BDB00DC2D12 /* KeyChainProtocol.swift */,
				C73BC36B28757C1300DC2D12 /* KeyChain.swift */,
				C73BC36D28757CBF00DC2D12 /* Data+Extension.swift */,
				C73BC36F28757D8600DC2D12 /* KeyChainError.swift */,
				C73BC37128757DA600DC2D12 /* KeyChainManagerProtocol.swift */,
				C73BC37328757DFB00DC2D12 /* KeyChainManager.swift */,
			);
			path = Keychain;
			sourceTree = "<group>";
		};
		C73BC33C2875755600DC2D12 /* Extensions */ = {
			isa = PBXGroup;
			children = (
				C73BC37F287592D300DC2D12 /* UIWindow+Extension.swift */,
				C73BC3812875936C00DC2D12 /* UIActivityIndicator+Extension.swift */,
			);
			path = Extensions;
			sourceTree = "<group>";
		};
		C73BC33F2875755600DC2D12 /* MainMenu */ = {
			isa = PBXGroup;
			children = (
				C73BC3422875755600DC2D12 /* MainMenuView.xib */,
			);
			path = MainMenu;
			sourceTree = "<group>";
		};
		C76586BF28747716007D17E3 /* App */ = {
			isa = PBXGroup;
			children = (
				C7698470287473110084ACFB /* AppDelegate.swift */,
				C7698472287473110084ACFB /* SceneDelegate.swift */,
				C7698479287473120084ACFB /* Assets.xcassets */,
				C769847E287473120084ACFB /* Info.plist */,
			);
			path = App;
			sourceTree = "<group>";
		};
		C76586C028747723007D17E3 /* Storyboard */ = {
			isa = PBXGroup;
			children = (
				C7698476287473110084ACFB /* Example1.storyboard */,
				C769847B287473120084ACFB /* LaunchScreen.storyboard */,
				C73BC325287573F100DC2D12 /* Root.storyboard */,
			);
			path = Storyboard;
			sourceTree = "<group>";
		};
		C76586C128747733007D17E3 /* ViewContoller */ = {
			isa = PBXGroup;
			children = (
				C7698474287473110084ACFB /* StartViewController.swift */,
				C7C045E128747E7700A5F7BD /* TermsViewController.swift */,
				C7C045E328747FC400A5F7BD /* SignupViewController.swift */,
				C73BC323287573D300DC2D12 /* ExampleOneTabBarViewController.swift */,
			);
			path = ViewContoller;
			sourceTree = "<group>";
		};
		C7698464287473110084ACFB = {
			isa = PBXGroup;
			children = (
				C769846F287473110084ACFB /* UIKitCombine */,
				C769846E287473110084ACFB /* Products */,
			);
			sourceTree = "<group>";
		};
		C769846E287473110084ACFB /* Products */ = {
			isa = PBXGroup;
			children = (
				C769846D287473110084ACFB /* UIKitCombine.app */,
			);
			name = Products;
			sourceTree = "<group>";
		};
		C769846F287473110084ACFB /* UIKitCombine */ = {
			isa = PBXGroup;
			children = (
				C73BC3222875733D00DC2D12 /* Example1 */,
				C73BC3272875749C00DC2D12 /* Example2 */,
				C76586C028747723007D17E3 /* Storyboard */,
				C76586BF28747716007D17E3 /* App */,
			);
			path = UIKitCombine;
			sourceTree = "<group>";
		};
		C7C045DB287477B400A5F7BD /* Model */ = {
			isa = PBXGroup;
			children = (
				C7C045DC287477C300A5F7BD /* BlogPost.swift */,
			);
			path = Model;
			sourceTree = "<group>";
		};
		C7C045DE287477F700A5F7BD /* Extension */ = {
			isa = PBXGroup;
			children = (
				C7C045DF2874781500A5F7BD /* Notification+Extension.swift */,
			);
			path = Extension;
			sourceTree = "<group>";
		};
/* End PBXGroup section */

/* Begin PBXNativeTarget section */
		C769846C287473110084ACFB /* UIKitCombine */ = {
			isa = PBXNativeTarget;
			buildConfigurationList = C7698481287473120084ACFB /* Build configuration list for PBXNativeTarget "UIKitCombine" */;
			buildPhases = (
				C7698469287473110084ACFB /* Sources */,
				C769846A287473110084ACFB /* Frameworks */,
				C769846B287473110084ACFB /* Resources */,
			);
			buildRules = (
			);
			dependencies = (
			);
			name = UIKitCombine;
			productName = UIKitCombine;
			productReference = C769846D287473110084ACFB /* UIKitCombine.app */;
			productType = "com.apple.product-type.application";
		};
/* End PBXNativeTarget section */

/* Begin PBXProject section */
		C7698465287473110084ACFB /* Project object */ = {
			isa = PBXProject;
			attributes = {
				BuildIndependentTargetsInParallel = 1;
				LastSwiftUpdateCheck = 1330;
				LastUpgradeCheck = 1330;
				TargetAttributes = {
					C769846C287473110084ACFB = {
						CreatedOnToolsVersion = 13.3;
					};
				};
			};
			buildConfigurationList = C7698468287473110084ACFB /* Build configuration list for PBXProject "UIKitCombine" */;
			compatibilityVersion = "Xcode 13.0";
			developmentRegion = en;
			hasScannedForEncodings = 0;
			knownRegions = (
				en,
				Base,
			);
			mainGroup = C7698464287473110084ACFB;
			productRefGroup = C769846E287473110084ACFB /* Products */;
			projectDirPath = "";
			projectRoot = "";
			targets = (
				C769846C287473110084ACFB /* UIKitCombine */,
			);
		};
/* End PBXProject section */

/* Begin PBXResourcesBuildPhase section */
		C769846B287473110084ACFB /* Resources */ = {
			isa = PBXResourcesBuildPhase;
			buildActionMask = 2147483647;
			files = (
				C73BC34E2875755600DC2D12 /* MainMenuView.xib in Resources */,
				C769847D287473120084ACFB /* LaunchScreen.storyboard in Resources */,
				C73BC3462875755600DC2D12 /* RegisterView.xib in Resources */,
				C73BC350287575BD00DC2D12 /* LoginView.xib in Resources */,
				C769847A287473120084ACFB /* Assets.xcassets in Resources */,
				C73BC326287573F100DC2D12 /* Root.storyboard in Resources */,
				C7698478287473110084ACFB /* Example1.storyboard in Resources */,
			);
			runOnlyForDeploymentPostprocessing = 0;
		};
/* End PBXResourcesBuildPhase section */

/* Begin PBXSourcesBuildPhase section */
		C7698469287473110084ACFB /* Sources */ = {
			isa = PBXSourcesBuildPhase;
			buildActionMask = 2147483647;
			files = (
				C73BC364287578C300DC2D12 /* HTTPManager.swift in Sources */,
				C73BC35C287577E800DC2D12 /* URLSessionProtocol.swift in Sources */,
				C73BC324287573D300DC2D12 /* ExampleOneTabBarViewController.swift in Sources */,
				C73BC3522875766000DC2D12 /* Contents.swift in Sources */,
				C7698475287473110084ACFB /* StartViewController.swift in Sources */,
				C73BC3562875773200DC2D12 /* LoginModel.swift in Sources */,
				C73BC37E2875925000DC2D12 /* API.swift in Sources */,
				C73BC37C2875916700DC2D12 /* ObjectAssociation.swift in Sources */,
				C7C045E428747FC400A5F7BD /* SignupViewController.swift in Sources */,
				C73BC380287592D300DC2D12 /* UIWindow+Extension.swift in Sources */,
				C73BC37428757DFB00DC2D12 /* KeyChainManager.swift in Sources */,
				C7698471287473110084ACFB /* AppDelegate.swift in Sources */,
				C73BC36E28757CBF00DC2D12 /* Data+Extension.swift in Sources */,
				C73BC36A28757BDB00DC2D12 /* KeyChainProtocol.swift in Sources */,
				C73BC37228757DA600DC2D12 /* KeyChainManagerProtocol.swift in Sources */,
				C7698473287473110084ACFB /* SceneDelegate.swift in Sources */,
				C73BC354287576ED00DC2D12 /* RegisterModel.swift in Sources */,
				C73BC37628757EEF00DC2D12 /* UserDataManagerProtocol.swift in Sources */,
				C73BC35E2875787000DC2D12 /* HTTPManager+Extension.swift in Sources */,
				C7C045E02874781500A5F7BD /* Notification+Extension.swift in Sources */,
				C73BC35A287577CA00DC2D12 /* URLSessionDataTaskProtocol.swift in Sources */,
				C73BC3582875775500DC2D12 /* HTTPManagerProtocol.swift in Sources */,
				C73BC37028757D8600DC2D12 /* KeyChainError.swift in Sources */,
				C73BC37828757F1500DC2D12 /* UserDataManager.swift in Sources */,
				C73BC3822875936C00DC2D12 /* UIActivityIndicator+Extension.swift in Sources */,
				C73BC36628757ADA00DC2D12 /* URLSession+Extension.swift in Sources */,
				C73BC3602875788500DC2D12 /* URLSessionDataTask+Extension.swift in Sources */,
				C73BC36C28757C1300DC2D12 /* KeyChain.swift in Sources */,
				C7C045E228747E7700A5F7BD /* TermsViewController.swift in Sources */,
				C7C045DD287477C300A5F7BD /* BlogPost.swift in Sources */,
			);
			runOnlyForDeploymentPostprocessing = 0;
		};
/* End PBXSourcesBuildPhase section */

/* Begin PBXVariantGroup section */
		C7698476287473110084ACFB /* Example1.storyboard */ = {
			isa = PBXVariantGroup;
			children = (
				C7698477287473110084ACFB /* Base */,
			);
			name = Example1.storyboard;
			sourceTree = "<group>";
		};
		C769847B287473120084ACFB /* LaunchScreen.storyboard */ = {
			isa = PBXVariantGroup;
			children = (
				C769847C287473120084ACFB /* Base */,
			);
			name = LaunchScreen.storyboard;
			sourceTree = "<group>";
		};
/* End PBXVariantGroup section */

/* Begin XCBuildConfiguration section */
		C769847F287473120084ACFB /* Debug */ = {
			isa = XCBuildConfiguration;
			buildSettings = {
				ALWAYS_SEARCH_USER_PATHS = NO;
				CLANG_ANALYZER_NONNULL = YES;
				CLANG_ANALYZER_NUMBER_OBJECT_CONVERSION = YES_AGGRESSIVE;
				CLANG_CXX_LANGUAGE_STANDARD = "gnu++17";
				CLANG_ENABLE_MODULES = YES;
				CLANG_ENABLE_OBJC_ARC = YES;
				CLANG_ENABLE_OBJC_WEAK = YES;
				CLANG_WARN_BLOCK_CAPTURE_AUTORELEASING = YES;
				CLANG_WARN_BOOL_CONVERSION = YES;
				CLANG_WARN_COMMA = YES;
				CLANG_WARN_CONSTANT_CONVERSION = YES;
				CLANG_WARN_DEPRECATED_OBJC_IMPLEMENTATIONS = YES;
				CLANG_WARN_DIRECT_OBJC_ISA_USAGE = YES_ERROR;
				CLANG_WARN_DOCUMENTATION_COMMENTS = YES;
				CLANG_WARN_EMPTY_BODY = YES;
				CLANG_WARN_ENUM_CONVERSION = YES;
				CLANG_WARN_INFINITE_RECURSION = YES;
				CLANG_WARN_INT_CONVERSION = YES;
				CLANG_WARN_NON_LITERAL_NULL_CONVERSION = YES;
				CLANG_WARN_OBJC_IMPLICIT_RETAIN_SELF = YES;
				CLANG_WARN_OBJC_LITERAL_CONVERSION = YES;
				CLANG_WARN_OBJC_ROOT_CLASS = YES_ERROR;
				CLANG_WARN_QUOTED_INCLUDE_IN_FRAMEWORK_HEADER = YES;
				CLANG_WARN_RANGE_LOOP_ANALYSIS = YES;
				CLANG_WARN_STRICT_PROTOTYPES = YES;
				CLANG_WARN_SUSPICIOUS_MOVE = YES;
				CLANG_WARN_UNGUARDED_AVAILABILITY = YES_AGGRESSIVE;
				CLANG_WARN_UNREACHABLE_CODE = YES;
				CLANG_WARN__DUPLICATE_METHOD_MATCH = YES;
				COPY_PHASE_STRIP = NO;
				DEBUG_INFORMATION_FORMAT = dwarf;
				ENABLE_STRICT_OBJC_MSGSEND = YES;
				ENABLE_TESTABILITY = YES;
				GCC_C_LANGUAGE_STANDARD = gnu11;
				GCC_DYNAMIC_NO_PIC = NO;
				GCC_NO_COMMON_BLOCKS = YES;
				GCC_OPTIMIZATION_LEVEL = 0;
				GCC_PREPROCESSOR_DEFINITIONS = (
					"DEBUG=1",
					"$(inherited)",
				);
				GCC_WARN_64_TO_32_BIT_CONVERSION = YES;
				GCC_WARN_ABOUT_RETURN_TYPE = YES_ERROR;
				GCC_WARN_UNDECLARED_SELECTOR = YES;
				GCC_WARN_UNINITIALIZED_AUTOS = YES_AGGRESSIVE;
				GCC_WARN_UNUSED_FUNCTION = YES;
				GCC_WARN_UNUSED_VARIABLE = YES;
				IPHONEOS_DEPLOYMENT_TARGET = 15.0;
				MTL_ENABLE_DEBUG_INFO = INCLUDE_SOURCE;
				MTL_FAST_MATH = YES;
				ONLY_ACTIVE_ARCH = YES;
				SDKROOT = iphoneos;
				SWIFT_ACTIVE_COMPILATION_CONDITIONS = DEBUG;
				SWIFT_OPTIMIZATION_LEVEL = "-Onone";
			};
			name = Debug;
		};
		C7698480287473120084ACFB /* Release */ = {
			isa = XCBuildConfiguration;
			buildSettings = {
				ALWAYS_SEARCH_USER_PATHS = NO;
				CLANG_ANALYZER_NONNULL = YES;
				CLANG_ANALYZER_NUMBER_OBJECT_CONVERSION = YES_AGGRESSIVE;
				CLANG_CXX_LANGUAGE_STANDARD = "gnu++17";
				CLANG_ENABLE_MODULES = YES;
				CLANG_ENABLE_OBJC_ARC = YES;
				CLANG_ENABLE_OBJC_WEAK = YES;
				CLANG_WARN_BLOCK_CAPTURE_AUTORELEASING = YES;
				CLANG_WARN_BOOL_CONVERSION = YES;
				CLANG_WARN_COMMA = YES;
				CLANG_WARN_CONSTANT_CONVERSION = YES;
				CLANG_WARN_DEPRECATED_OBJC_IMPLEMENTATIONS = YES;
				CLANG_WARN_DIRECT_OBJC_ISA_USAGE = YES_ERROR;
				CLANG_WARN_DOCUMENTATION_COMMENTS = YES;
				CLANG_WARN_EMPTY_BODY = YES;
				CLANG_WARN_ENUM_CONVERSION = YES;
				CLANG_WARN_INFINITE_RECURSION = YES;
				CLANG_WARN_INT_CONVERSION = YES;
				CLANG_WARN_NON_LITERAL_NULL_CONVERSION = YES;
				CLANG_WARN_OBJC_IMPLICIT_RETAIN_SELF = YES;
				CLANG_WARN_OBJC_LITERAL_CONVERSION = YES;
				CLANG_WARN_OBJC_ROOT_CLASS = YES_ERROR;
				CLANG_WARN_QUOTED_INCLUDE_IN_FRAMEWORK_HEADER = YES;
				CLANG_WARN_RANGE_LOOP_ANALYSIS = YES;
				CLANG_WARN_STRICT_PROTOTYPES = YES;
				CLANG_WARN_SUSPICIOUS_MOVE = YES;
				CLANG_WARN_UNGUARDED_AVAILABILITY = YES_AGGRESSIVE;
				CLANG_WARN_UNREACHABLE_CODE = YES;
				CLANG_WARN__DUPLICATE_METHOD_MATCH = YES;
				COPY_PHASE_STRIP = NO;
				DEBUG_INFORMATION_FORMAT = "dwarf-with-dsym";
				ENABLE_NS_ASSERTIONS = NO;
				ENABLE_STRICT_OBJC_MSGSEND = YES;
				GCC_C_LANGUAGE_STANDARD = gnu11;
				GCC_NO_COMMON_BLOCKS = YES;
				GCC_WARN_64_TO_32_BIT_CONVERSION = YES;
				GCC_WARN_ABOUT_RETURN_TYPE = YES_ERROR;
				GCC_WARN_UNDECLARED_SELECTOR = YES;
				GCC_WARN_UNINITIALIZED_AUTOS = YES_AGGRESSIVE;
				GCC_WARN_UNUSED_FUNCTION = YES;
				GCC_WARN_UNUSED_VARIABLE = YES;
				IPHONEOS_DEPLOYMENT_TARGET = 15.0;
				MTL_ENABLE_DEBUG_INFO = NO;
				MTL_FAST_MATH = YES;
				SDKROOT = iphoneos;
				SWIFT_COMPILATION_MODE = wholemodule;
				SWIFT_OPTIMIZATION_LEVEL = "-O";
				VALIDATE_PRODUCT = YES;
			};
			name = Release;
		};
		C7698482287473120084ACFB /* Debug */ = {
			isa = XCBuildConfiguration;
			buildSettings = {
				ASSETCATALOG_COMPILER_APPICON_NAME = AppIcon;
				ASSETCATALOG_COMPILER_GLOBAL_ACCENT_COLOR_NAME = AccentColor;
				CODE_SIGN_STYLE = Automatic;
				CURRENT_PROJECT_VERSION = 1;
				DEVELOPMENT_TEAM = Z629PZ4XVL;
				GENERATE_INFOPLIST_FILE = YES;
				INFOPLIST_FILE = UIKitCombine/App/Info.plist;
				INFOPLIST_KEY_UIApplicationSupportsIndirectInputEvents = YES;
				INFOPLIST_KEY_UILaunchStoryboardName = LaunchScreen;
				INFOPLIST_KEY_UIMainStoryboardFile = Root;
				INFOPLIST_KEY_UISupportedInterfaceOrientations_iPad = "UIInterfaceOrientationPortrait UIInterfaceOrientationPortraitUpsideDown UIInterfaceOrientationLandscapeLeft UIInterfaceOrientationLandscapeRight";
				INFOPLIST_KEY_UISupportedInterfaceOrientations_iPhone = "UIInterfaceOrientationPortrait UIInterfaceOrientationLandscapeLeft UIInterfaceOrientationLandscapeRight";
				IPHONEOS_DEPLOYMENT_TARGET = 15.0;
				LD_RUNPATH_SEARCH_PATHS = (
					"$(inherited)",
					"@executable_path/Frameworks",
				);
				MARKETING_VERSION = 1.0;
				PRODUCT_BUNDLE_IDENTIFIER = com.moonjs.UIKitCombine;
				PRODUCT_NAME = "$(TARGET_NAME)";
				SWIFT_EMIT_LOC_STRINGS = YES;
				SWIFT_VERSION = 5.0;
				TARGETED_DEVICE_FAMILY = "1,2";
			};
			name = Debug;
		};
		C7698483287473120084ACFB /* Release */ = {
			isa = XCBuildConfiguration;
			buildSettings = {
				ASSETCATALOG_COMPILER_APPICON_NAME = AppIcon;
				ASSETCATALOG_COMPILER_GLOBAL_ACCENT_COLOR_NAME = AccentColor;
				CODE_SIGN_STYLE = Automatic;
				CURRENT_PROJECT_VERSION = 1;
				DEVELOPMENT_TEAM = Z629PZ4XVL;
				GENERATE_INFOPLIST_FILE = YES;
				INFOPLIST_FILE = UIKitCombine/App/Info.plist;
				INFOPLIST_KEY_UIApplicationSupportsIndirectInputEvents = YES;
				INFOPLIST_KEY_UILaunchStoryboardName = LaunchScreen;
				INFOPLIST_KEY_UIMainStoryboardFile = Root;
				INFOPLIST_KEY_UISupportedInterfaceOrientations_iPad = "UIInterfaceOrientationPortrait UIInterfaceOrientationPortraitUpsideDown UIInterfaceOrientationLandscapeLeft UIInterfaceOrientationLandscapeRight";
				INFOPLIST_KEY_UISupportedInterfaceOrientations_iPhone = "UIInterfaceOrientationPortrait UIInterfaceOrientationLandscapeLeft UIInterfaceOrientationLandscapeRight";
				IPHONEOS_DEPLOYMENT_TARGET = 15.0;
				LD_RUNPATH_SEARCH_PATHS = (
					"$(inherited)",
					"@executable_path/Frameworks",
				);
				MARKETING_VERSION = 1.0;
				PRODUCT_BUNDLE_IDENTIFIER = com.moonjs.UIKitCombine;
				PRODUCT_NAME = "$(TARGET_NAME)";
				SWIFT_EMIT_LOC_STRINGS = YES;
				SWIFT_VERSION = 5.0;
				TARGETED_DEVICE_FAMILY = "1,2";
			};
			name = Release;
		};
/* End XCBuildConfiguration section */

/* Begin XCConfigurationList section */
		C7698468287473110084ACFB /* Build configuration list for PBXProject "UIKitCombine" */ = {
			isa = XCConfigurationList;
			buildConfigurations = (
				C769847F287473120084ACFB /* Debug */,
				C7698480287473120084ACFB /* Release */,
			);
			defaultConfigurationIsVisible = 0;
			defaultConfigurationName = Release;
		};
		C7698481287473120084ACFB /* Build configuration list for PBXNativeTarget "UIKitCombine" */ = {
			isa = XCConfigurationList;
			buildConfigurations = (
				C7698482287473120084ACFB /* Debug */,
				C7698483287473120084ACFB /* Release */,
			);
			defaultConfigurationIsVisible = 0;
			defaultConfigurationName = Release;
		};
/* End XCConfigurationList section */
	};
	rootObject = C7698465287473110084ACFB /* Project object */;
}
