// !$*UTF8*$!
{
	archiveVersion = 1;
	classes = {
	};
	objectVersion = 55;
	objects = {

/* Begin PBXBuildFile section */
		C7698471287473110084ACFB /* AppDelegate.swift in Sources */ = {isa = PBXBuildFile; fileRef = C7698470287473110084ACFB /* AppDelegate.swift */; };
		C7698473287473110084ACFB /* SceneDelegate.swift in Sources */ = {isa = PBXBuildFile; fileRef = C7698472287473110084ACFB /* SceneDelegate.swift */; };
		C7698475287473110084ACFB /* ViewController.swift in Sources */ = {isa = PBXBuildFile; fileRef = C7698474287473110084ACFB /* ViewController.swift */; };
		C7698478287473110084ACFB /* Main.storyboard in Resources */ = {isa = PBXBuildFile; fileRef = C7698476287473110084ACFB /* Main.storyboard */; };
		C769847A287473120084ACFB /* Assets.xcassets in Resources */ = {isa = PBXBuildFile; fileRef = C7698479287473120084ACFB /* Assets.xcassets */; };
		C769847D287473120084ACFB /* LaunchScreen.storyboard in Resources */ = {isa = PBXBuildFile; fileRef = C769847B287473120084ACFB /* LaunchScreen.storyboard */; };
		C7C045DD287477C300A5F7BD /* BlogPost.swift in Sources */ = {isa = PBXBuildFile; fileRef = C7C045DC287477C300A5F7BD /* BlogPost.swift */; };
		C7C045E02874781500A5F7BD /* Notification+Extension.swift in Sources */ = {isa = PBXBuildFile; fileRef = C7C045DF2874781500A5F7BD /* Notification+Extension.swift */; };
		C7C045E228747E7700A5F7BD /* TermsViewController.swift in Sources */ = {isa = PBXBuildFile; fileRef = C7C045E128747E7700A5F7BD /* TermsViewController.swift */; };
		C7C045E428747FC400A5F7BD /* SignupViewController.swift in Sources */ = {isa = PBXBuildFile; fileRef = C7C045E328747FC400A5F7BD /* SignupViewController.swift */; };
/* End PBXBuildFile section */

/* Begin PBXFileReference section */
		C769846D287473110084ACFB /* UIKitCombine.app */ = {isa = PBXFileReference; explicitFileType = wrapper.application; includeInIndex = 0; path = UIKitCombine.app; sourceTree = BUILT_PRODUCTS_DIR; };
		C7698470287473110084ACFB /* AppDelegate.swift */ = {isa = PBXFileReference; lastKnownFileType = sourcecode.swift; path = AppDelegate.swift; sourceTree = "<group>"; };
		C7698472287473110084ACFB /* SceneDelegate.swift */ = {isa = PBXFileReference; lastKnownFileType = sourcecode.swift; path = SceneDelegate.swift; sourceTree = "<group>"; };
		C7698474287473110084ACFB /* ViewController.swift */ = {isa = PBXFileReference; lastKnownFileType = sourcecode.swift; path = ViewController.swift; sourceTree = "<group>"; };
		C7698477287473110084ACFB /* Base */ = {isa = PBXFileReference; lastKnownFileType = file.storyboard; name = Base; path = Base.lproj/Main.storyboard; sourceTree = "<group>"; };
		C7698479287473120084ACFB /* Assets.xcassets */ = {isa = PBXFileReference; lastKnownFileType = folder.assetcatalog; path = Assets.xcassets; sourceTree = "<group>"; };
		C769847C287473120084ACFB /* Base */ = {isa = PBXFileReference; lastKnownFileType = file.storyboard; name = Base; path = Base.lproj/LaunchScreen.storyboard; sourceTree = "<group>"; };
		C769847E287473120084ACFB /* Info.plist */ = {isa = PBXFileReference; lastKnownFileType = text.plist.xml; path = Info.plist; sourceTree = "<group>"; };
		C7C045DC287477C300A5F7BD /* BlogPost.swift */ = {isa = PBXFileReference; lastKnownFileType = sourcecode.swift; path = BlogPost.swift; sourceTree = "<group>"; };
		C7C045DF2874781500A5F7BD /* Notification+Extension.swift */ = {isa = PBXFileReference; lastKnownFileType = sourcecode.swift; path = "Notification+Extension.swift"; sourceTree = "<group>"; };
		C7C045E128747E7700A5F7BD /* TermsViewController.swift */ = {isa = PBXFileReference; lastKnownFileType = sourcecode.swift; path = TermsViewController.swift; sourceTree = "<group>"; };
		C7C045E328747FC400A5F7BD /* SignupViewController.swift */ = {isa = PBXFileReference; lastKnownFileType = sourcecode.swift; path = SignupViewController.swift; sourceTree = "<group>"; };
/* End PBXFileReference section */

/* Begin PBXFrameworksBuildPhase section */
		C769846A287473110084ACFB /* Frameworks */ = {
			isa = PBXFrameworksBuildPhase;
			buildActionMask = 2147483647;
			files = (
			);
			runOnlyForDeploymentPostprocessing = 0;
		};
/* End PBXFrameworksBuildPhase section */

/* Begin PBXGroup section */
		C76586BF28747716007D17E3 /* App */ = {
			isa = PBXGroup;
			children = (
				C7698470287473110084ACFB /* AppDelegate.swift */,
				C7698472287473110084ACFB /* SceneDelegate.swift */,
				C7698479287473120084ACFB /* Assets.xcassets */,
				C769847E287473120084ACFB /* Info.plist */,
			);
			path = App;
			sourceTree = "<group>";
		};
		C76586C028747723007D17E3 /* Storyboard */ = {
			isa = PBXGroup;
			children = (
				C7698476287473110084ACFB /* Main.storyboard */,
				C769847B287473120084ACFB /* LaunchScreen.storyboard */,
			);
			path = Storyboard;
			sourceTree = "<group>";
		};
		C76586C128747733007D17E3 /* ViewContoller */ = {
			isa = PBXGroup;
			children = (
				C7698474287473110084ACFB /* ViewController.swift */,
				C7C045E128747E7700A5F7BD /* TermsViewController.swift */,
				C7C045E328747FC400A5F7BD /* SignupViewController.swift */,
			);
			path = ViewContoller;
			sourceTree = "<group>";
		};
		C7698464287473110084ACFB = {
			isa = PBXGroup;
			children = (
				C769846F287473110084ACFB /* UIKitCombine */,
				C769846E287473110084ACFB /* Products */,
			);
			sourceTree = "<group>";
		};
		C769846E287473110084ACFB /* Products */ = {
			isa = PBXGroup;
			children = (
				C769846D287473110084ACFB /* UIKitCombine.app */,
			);
			name = Products;
			sourceTree = "<group>";
		};
		C769846F287473110084ACFB /* UIKitCombine */ = {
			isa = PBXGroup;
			children = (
				C76586C028747723007D17E3 /* Storyboard */,
				C76586BF28747716007D17E3 /* App */,
				C76586C128747733007D17E3 /* ViewContoller */,
				C7C045DB287477B400A5F7BD /* Model */,
				C7C045DE287477F700A5F7BD /* Extension */,
			);
			path = UIKitCombine;
			sourceTree = "<group>";
		};
		C7C045DB287477B400A5F7BD /* Model */ = {
			isa = PBXGroup;
			children = (
				C7C045DC287477C300A5F7BD /* BlogPost.swift */,
			);
			path = Model;
			sourceTree = "<group>";
		};
		C7C045DE287477F700A5F7BD /* Extension */ = {
			isa = PBXGroup;
			children = (
				C7C045DF2874781500A5F7BD /* Notification+Extension.swift */,
			);
			path = Extension;
			sourceTree = "<group>";
		};
/* End PBXGroup section */

/* Begin PBXNativeTarget section */
		C769846C287473110084ACFB /* UIKitCombine */ = {
			isa = PBXNativeTarget;
			buildConfigurationList = C7698481287473120084ACFB /* Build configuration list for PBXNativeTarget "UIKitCombine" */;
			buildPhases = (
				C7698469287473110084ACFB /* Sources */,
				C769846A287473110084ACFB /* Frameworks */,
				C769846B287473110084ACFB /* Resources */,
			);
			buildRules = (
			);
			dependencies = (
			);
			name = UIKitCombine;
			productName = UIKitCombine;
			productReference = C769846D287473110084ACFB /* UIKitCombine.app */;
			productType = "com.apple.product-type.application";
		};
/* End PBXNativeTarget section */

/* Begin PBXProject section */
		C7698465287473110084ACFB /* Project object */ = {
			isa = PBXProject;
			attributes = {
				BuildIndependentTargetsInParallel = 1;
				LastSwiftUpdateCheck = 1330;
				LastUpgradeCheck = 1330;
				TargetAttributes = {
					C769846C287473110084ACFB = {
						CreatedOnToolsVersion = 13.3;
					};
				};
			};
			buildConfigurationList = C7698468287473110084ACFB /* Build configuration list for PBXProject "UIKitCombine" */;
			compatibilityVersion = "Xcode 13.0";
			developmentRegion = en;
			hasScannedForEncodings = 0;
			knownRegions = (
				en,
				Base,
			);
			mainGroup = C7698464287473110084ACFB;
			productRefGroup = C769846E287473110084ACFB /* Products */;
			projectDirPath = "";
			projectRoot = "";
			targets = (
				C769846C287473110084ACFB /* UIKitCombine */,
			);
		};
/* End PBXProject section */

/* Begin PBXResourcesBuildPhase section */
		C769846B287473110084ACFB /* Resources */ = {
			isa = PBXResourcesBuildPhase;
			buildActionMask = 2147483647;
			files = (
				C769847D287473120084ACFB /* LaunchScreen.storyboard in Resources */,
				C769847A287473120084ACFB /* Assets.xcassets in Resources */,
				C7698478287473110084ACFB /* Main.storyboard in Resources */,
			);
			runOnlyForDeploymentPostprocessing = 0;
		};
/* End PBXResourcesBuildPhase section */

/* Begin PBXSourcesBuildPhase section */
		C7698469287473110084ACFB /* Sources */ = {
			isa = PBXSourcesBuildPhase;
			buildActionMask = 2147483647;
			files = (
				C7698475287473110084ACFB /* ViewController.swift in Sources */,
				C7C045E428747FC400A5F7BD /* SignupViewController.swift in Sources */,
				C7698471287473110084ACFB /* AppDelegate.swift in Sources */,
				C7698473287473110084ACFB /* SceneDelegate.swift in Sources */,
				C7C045E02874781500A5F7BD /* Notification+Extension.swift in Sources */,
				C7C045E228747E7700A5F7BD /* TermsViewController.swift in Sources */,
				C7C045DD287477C300A5F7BD /* BlogPost.swift in Sources */,
			);
			runOnlyForDeploymentPostprocessing = 0;
		};
/* End PBXSourcesBuildPhase section */

/* Begin PBXVariantGroup section */
		C7698476287473110084ACFB /* Main.storyboard */ = {
			isa = PBXVariantGroup;
			children = (
				C7698477287473110084ACFB /* Base */,
			);
			name = Main.storyboard;
			sourceTree = "<group>";
		};
		C769847B287473120084ACFB /* LaunchScreen.storyboard */ = {
			isa = PBXVariantGroup;
			children = (
				C769847C287473120084ACFB /* Base */,
			);
			name = LaunchScreen.storyboard;
			sourceTree = "<group>";
		};
/* End PBXVariantGroup section */

/* Begin XCBuildConfiguration section */
		C769847F287473120084ACFB /* Debug */ = {
			isa = XCBuildConfiguration;
			buildSettings = {
				ALWAYS_SEARCH_USER_PATHS = NO;
				CLANG_ANALYZER_NONNULL = YES;
				CLANG_ANALYZER_NUMBER_OBJECT_CONVERSION = YES_AGGRESSIVE;
				CLANG_CXX_LANGUAGE_STANDARD = "gnu++17";
				CLANG_ENABLE_MODULES = YES;
				CLANG_ENABLE_OBJC_ARC = YES;
				CLANG_ENABLE_OBJC_WEAK = YES;
				CLANG_WARN_BLOCK_CAPTURE_AUTORELEASING = YES;
				CLANG_WARN_BOOL_CONVERSION = YES;
				CLANG_WARN_COMMA = YES;
				CLANG_WARN_CONSTANT_CONVERSION = YES;
				CLANG_WARN_DEPRECATED_OBJC_IMPLEMENTATIONS = YES;
				CLANG_WARN_DIRECT_OBJC_ISA_USAGE = YES_ERROR;
				CLANG_WARN_DOCUMENTATION_COMMENTS = YES;
				CLANG_WARN_EMPTY_BODY = YES;
				CLANG_WARN_ENUM_CONVERSION = YES;
				CLANG_WARN_INFINITE_RECURSION = YES;
				CLANG_WARN_INT_CONVERSION = YES;
				CLANG_WARN_NON_LITERAL_NULL_CONVERSION = YES;
				CLANG_WARN_OBJC_IMPLICIT_RETAIN_SELF = YES;
				CLANG_WARN_OBJC_LITERAL_CONVERSION = YES;
				CLANG_WARN_OBJC_ROOT_CLASS = YES_ERROR;
				CLANG_WARN_QUOTED_INCLUDE_IN_FRAMEWORK_HEADER = YES;
				CLANG_WARN_RANGE_LOOP_ANALYSIS = YES;
				CLANG_WARN_STRICT_PROTOTYPES = YES;
				CLANG_WARN_SUSPICIOUS_MOVE = YES;
				CLANG_WARN_UNGUARDED_AVAILABILITY = YES_AGGRESSIVE;
				CLANG_WARN_UNREACHABLE_CODE = YES;
				CLANG_WARN__DUPLICATE_METHOD_MATCH = YES;
				COPY_PHASE_STRIP = NO;
				DEBUG_INFORMATION_FORMAT = dwarf;
				ENABLE_STRICT_OBJC_MSGSEND = YES;
				ENABLE_TESTABILITY = YES;
				GCC_C_LANGUAGE_STANDARD = gnu11;
				GCC_DYNAMIC_NO_PIC = NO;
				GCC_NO_COMMON_BLOCKS = YES;
				GCC_OPTIMIZATION_LEVEL = 0;
				GCC_PREPROCESSOR_DEFINITIONS = (
					"DEBUG=1",
					"$(inherited)",
				);
				GCC_WARN_64_TO_32_BIT_CONVERSION = YES;
				GCC_WARN_ABOUT_RETURN_TYPE = YES_ERROR;
				GCC_WARN_UNDECLARED_SELECTOR = YES;
				GCC_WARN_UNINITIALIZED_AUTOS = YES_AGGRESSIVE;
				GCC_WARN_UNUSED_FUNCTION = YES;
				GCC_WARN_UNUSED_VARIABLE = YES;
				IPHONEOS_DEPLOYMENT_TARGET = 15.0;
				MTL_ENABLE_DEBUG_INFO = INCLUDE_SOURCE;
				MTL_FAST_MATH = YES;
				ONLY_ACTIVE_ARCH = YES;
				SDKROOT = iphoneos;
				SWIFT_ACTIVE_COMPILATION_CONDITIONS = DEBUG;
				SWIFT_OPTIMIZATION_LEVEL = "-Onone";
			};
			name = Debug;
		};
		C7698480287473120084ACFB /* Release */ = {
			isa = XCBuildConfiguration;
			buildSettings = {
				ALWAYS_SEARCH_USER_PATHS = NO;
				CLANG_ANALYZER_NONNULL = YES;
				CLANG_ANALYZER_NUMBER_OBJECT_CONVERSION = YES_AGGRESSIVE;
				CLANG_CXX_LANGUAGE_STANDARD = "gnu++17";
				CLANG_ENABLE_MODULES = YES;
				CLANG_ENABLE_OBJC_ARC = YES;
				CLANG_ENABLE_OBJC_WEAK = YES;
				CLANG_WARN_BLOCK_CAPTURE_AUTORELEASING = YES;
				CLANG_WARN_BOOL_CONVERSION = YES;
				CLANG_WARN_COMMA = YES;
				CLANG_WARN_CONSTANT_CONVERSION = YES;
				CLANG_WARN_DEPRECATED_OBJC_IMPLEMENTATIONS = YES;
				CLANG_WARN_DIRECT_OBJC_ISA_USAGE = YES_ERROR;
				CLANG_WARN_DOCUMENTATION_COMMENTS = YES;
				CLANG_WARN_EMPTY_BODY = YES;
				CLANG_WARN_ENUM_CONVERSION = YES;
				CLANG_WARN_INFINITE_RECURSION = YES;
				CLANG_WARN_INT_CONVERSION = YES;
				CLANG_WARN_NON_LITERAL_NULL_CONVERSION = YES;
				CLANG_WARN_OBJC_IMPLICIT_RETAIN_SELF = YES;
				CLANG_WARN_OBJC_LITERAL_CONVERSION = YES;
				CLANG_WARN_OBJC_ROOT_CLASS = YES_ERROR;
				CLANG_WARN_QUOTED_INCLUDE_IN_FRAMEWORK_HEADER = YES;
				CLANG_WARN_RANGE_LOOP_ANALYSIS = YES;
				CLANG_WARN_STRICT_PROTOTYPES = YES;
				CLANG_WARN_SUSPICIOUS_MOVE = YES;
				CLANG_WARN_UNGUARDED_AVAILABILITY = YES_AGGRESSIVE;
				CLANG_WARN_UNREACHABLE_CODE = YES;
				CLANG_WARN__DUPLICATE_METHOD_MATCH = YES;
				COPY_PHASE_STRIP = NO;
				DEBUG_INFORMATION_FORMAT = "dwarf-with-dsym";
				ENABLE_NS_ASSERTIONS = NO;
				ENABLE_STRICT_OBJC_MSGSEND = YES;
				GCC_C_LANGUAGE_STANDARD = gnu11;
				GCC_NO_COMMON_BLOCKS = YES;
				GCC_WARN_64_TO_32_BIT_CONVERSION = YES;
				GCC_WARN_ABOUT_RETURN_TYPE = YES_ERROR;
				GCC_WARN_UNDECLARED_SELECTOR = YES;
				GCC_WARN_UNINITIALIZED_AUTOS = YES_AGGRESSIVE;
				GCC_WARN_UNUSED_FUNCTION = YES;
				GCC_WARN_UNUSED_VARIABLE = YES;
				IPHONEOS_DEPLOYMENT_TARGET = 15.0;
				MTL_ENABLE_DEBUG_INFO = NO;
				MTL_FAST_MATH = YES;
				SDKROOT = iphoneos;
				SWIFT_COMPILATION_MODE = wholemodule;
				SWIFT_OPTIMIZATION_LEVEL = "-O";
				VALIDATE_PRODUCT = YES;
			};
			name = Release;
		};
		C7698482287473120084ACFB /* Debug */ = {
			isa = XCBuildConfiguration;
			buildSettings = {
				ASSETCATALOG_COMPILER_APPICON_NAME = AppIcon;
				ASSETCATALOG_COMPILER_GLOBAL_ACCENT_COLOR_NAME = AccentColor;
				CODE_SIGN_STYLE = Automatic;
				CURRENT_PROJECT_VERSION = 1;
				DEVELOPMENT_TEAM = Z629PZ4XVL;
				GENERATE_INFOPLIST_FILE = YES;
				INFOPLIST_FILE = UIKitCombine/App/Info.plist;
				INFOPLIST_KEY_UIApplicationSupportsIndirectInputEvents = YES;
				INFOPLIST_KEY_UILaunchStoryboardName = LaunchScreen;
				INFOPLIST_KEY_UIMainStoryboardFile = Main;
				INFOPLIST_KEY_UISupportedInterfaceOrientations_iPad = "UIInterfaceOrientationPortrait UIInterfaceOrientationPortraitUpsideDown UIInterfaceOrientationLandscapeLeft UIInterfaceOrientationLandscapeRight";
				INFOPLIST_KEY_UISupportedInterfaceOrientations_iPhone = "UIInterfaceOrientationPortrait UIInterfaceOrientationLandscapeLeft UIInterfaceOrientationLandscapeRight";
				IPHONEOS_DEPLOYMENT_TARGET = 15.0;
				LD_RUNPATH_SEARCH_PATHS = (
					"$(inherited)",
					"@executable_path/Frameworks",
				);
				MARKETING_VERSION = 1.0;
				PRODUCT_BUNDLE_IDENTIFIER = com.moonjs.UIKitCombine;
				PRODUCT_NAME = "$(TARGET_NAME)";
				SWIFT_EMIT_LOC_STRINGS = YES;
				SWIFT_VERSION = 5.0;
				TARGETED_DEVICE_FAMILY = "1,2";
			};
			name = Debug;
		};
		C7698483287473120084ACFB /* Release */ = {
			isa = XCBuildConfiguration;
			buildSettings = {
				ASSETCATALOG_COMPILER_APPICON_NAME = AppIcon;
				ASSETCATALOG_COMPILER_GLOBAL_ACCENT_COLOR_NAME = AccentColor;
				CODE_SIGN_STYLE = Automatic;
				CURRENT_PROJECT_VERSION = 1;
				DEVELOPMENT_TEAM = Z629PZ4XVL;
				GENERATE_INFOPLIST_FILE = YES;
				INFOPLIST_FILE = UIKitCombine/App/Info.plist;
				INFOPLIST_KEY_UIApplicationSupportsIndirectInputEvents = YES;
				INFOPLIST_KEY_UILaunchStoryboardName = LaunchScreen;
				INFOPLIST_KEY_UIMainStoryboardFile = Main;
				INFOPLIST_KEY_UISupportedInterfaceOrientations_iPad = "UIInterfaceOrientationPortrait UIInterfaceOrientationPortraitUpsideDown UIInterfaceOrientationLandscapeLeft UIInterfaceOrientationLandscapeRight";
				INFOPLIST_KEY_UISupportedInterfaceOrientations_iPhone = "UIInterfaceOrientationPortrait UIInterfaceOrientationLandscapeLeft UIInterfaceOrientationLandscapeRight";
				IPHONEOS_DEPLOYMENT_TARGET = 15.0;
				LD_RUNPATH_SEARCH_PATHS = (
					"$(inherited)",
					"@executable_path/Frameworks",
				);
				MARKETING_VERSION = 1.0;
				PRODUCT_BUNDLE_IDENTIFIER = com.moonjs.UIKitCombine;
				PRODUCT_NAME = "$(TARGET_NAME)";
				SWIFT_EMIT_LOC_STRINGS = YES;
				SWIFT_VERSION = 5.0;
				TARGETED_DEVICE_FAMILY = "1,2";
			};
			name = Release;
		};
/* End XCBuildConfiguration section */

/* Begin XCConfigurationList section */
		C7698468287473110084ACFB /* Build configuration list for PBXProject "UIKitCombine" */ = {
			isa = XCConfigurationList;
			buildConfigurations = (
				C769847F287473120084ACFB /* Debug */,
				C7698480287473120084ACFB /* Release */,
			);
			defaultConfigurationIsVisible = 0;
			defaultConfigurationName = Release;
		};
		C7698481287473120084ACFB /* Build configuration list for PBXNativeTarget "UIKitCombine" */ = {
			isa = XCConfigurationList;
			buildConfigurations = (
				C7698482287473120084ACFB /* Debug */,
				C7698483287473120084ACFB /* Release */,
			);
			defaultConfigurationIsVisible = 0;
			defaultConfigurationName = Release;
		};
/* End XCConfigurationList section */
	};
	rootObject = C7698465287473110084ACFB /* Project object */;
}
