// !$*UTF8*$!
{
	archiveVersion = 1;
	classes = {
	};
	objectVersion = 55;
	objects = {

/* Begin PBXBuildFile section */
		C73BC324287573D300DC2D12 /* ExampleOneTabBarViewController.swift in Sources */ = {isa = PBXBuildFile; fileRef = C73BC323287573D300DC2D12 /* ExampleOneTabBarViewController.swift */; };
		C73BC3462875755600DC2D12 /* RegisterView.xib in Resources */ = {isa = PBXBuildFile; fileRef = C73BC3342875755500DC2D12 /* RegisterView.xib */; };
		C73BC34E2875755600DC2D12 /* MainMenuView.xib in Resources */ = {isa = PBXBuildFile; fileRef = C73BC3422875755600DC2D12 /* MainMenuView.xib */; };
		C73BC350287575BD00DC2D12 /* LoginView.xib in Resources */ = {isa = PBXBuildFile; fileRef = C73BC34F287575BD00DC2D12 /* LoginView.xib */; };
		C73BC3522875766000DC2D12 /* Contents.swift in Sources */ = {isa = PBXBuildFile; fileRef = C73BC3512875766000DC2D12 /* Contents.swift */; };
		C73BC354287576ED00DC2D12 /* RegisterModel.swift in Sources */ = {isa = PBXBuildFile; fileRef = C73BC353287576ED00DC2D12 /* RegisterModel.swift */; };
		C73BC3562875773200DC2D12 /* LoginModel.swift in Sources */ = {isa = PBXBuildFile; fileRef = C73BC3552875773200DC2D12 /* LoginModel.swift */; };
		C73BC3582875775500DC2D12 /* HTTPManagerProtocol.swift in Sources */ = {isa = PBXBuildFile; fileRef = C73BC3572875775500DC2D12 /* HTTPManagerProtocol.swift */; };
		C73BC35A287577CA00DC2D12 /* URLSessionDataTaskProtocol.swift in Sources */ = {isa = PBXBuildFile; fileRef = C73BC359287577CA00DC2D12 /* URLSessionDataTaskProtocol.swift */; };
		C73BC35C287577E800DC2D12 /* URLSessionProtocol.swift in Sources */ = {isa = PBXBuildFile; fileRef = C73BC35B287577E800DC2D12 /* URLSessionProtocol.swift */; };
		C73BC35E2875787000DC2D12 /* HTTPManager+Extension.swift in Sources */ = {isa = PBXBuildFile; fileRef = C73BC35D2875787000DC2D12 /* HTTPManager+Extension.swift */; };
		C73BC3602875788500DC2D12 /* URLSessionDataTask+Extension.swift in Sources */ = {isa = PBXBuildFile; fileRef = C73BC35F2875788500DC2D12 /* URLSessionDataTask+Extension.swift */; };
		C73BC364287578C300DC2D12 /* HTTPManager.swift in Sources */ = {isa = PBXBuildFile; fileRef = C73BC363287578C300DC2D12 /* HTTPManager.swift */; };
		C73BC36628757ADA00DC2D12 /* URLSession+Extension.swift in Sources */ = {isa = PBXBuildFile; fileRef = C73BC36528757ADA00DC2D12 /* URLSession+Extension.swift */; };
		C73BC36A28757BDB00DC2D12 /* KeyChainProtocol.swift in Sources */ = {isa = PBXBuildFile; fileRef = C73BC36928757BDB00DC2D12 /* KeyChainProtocol.swift */; };
		C73BC36C28757C1300DC2D12 /* KeyChain.swift in Sources */ = {isa = PBXBuildFile; fileRef = C73BC36B28757C1300DC2D12 /* KeyChain.swift */; };
		C73BC36E28757CBF00DC2D12 /* Data+Extension.swift in Sources */ = {isa = PBXBuildFile; fileRef = C73BC36D28757CBF00DC2D12 /* Data+Extension.swift */; };
		C73BC37028757D8600DC2D12 /* KeyChainError.swift in Sources */ = {isa = PBXBuildFile; fileRef = C73BC36F28757D8600DC2D12 /* KeyChainError.swift */; };
		C73BC37228757DA600DC2D12 /* KeyChainManagerProtocol.swift in Sources */ = {isa = PBXBuildFile; fileRef = C73BC37128757DA600DC2D12 /* KeyChainManagerProtocol.swift */; };
		C73BC37428757DFB00DC2D12 /* KeyChainManager.swift in Sources */ = {isa = PBXBuildFile; fileRef = C73BC37328757DFB00DC2D12 /* KeyChainManager.swift */; };
		C73BC37628757EEF00DC2D12 /* UserDataManagerProtocol.swift in Sources */ = {isa = PBXBuildFile; fileRef = C73BC37528757EEF00DC2D12 /* UserDataManagerProtocol.swift */; };
		C73BC37828757F1500DC2D12 /* UserDataManager.swift in Sources */ = {isa = PBXBuildFile; fileRef = C73BC37728757F1500DC2D12 /* UserDataManager.swift */; };
		C73BC37C2875916700DC2D12 /* ObjectAssociation.swift in Sources */ = {isa = PBXBuildFile; fileRef = C73BC37B2875916700DC2D12 /* ObjectAssociation.swift */; };
		C73BC37E2875925000DC2D12 /* API.swift in Sources */ = {isa = PBXBuildFile; fileRef = C73BC37D2875925000DC2D12 /* API.swift */; };
		C73BC380287592D300DC2D12 /* UIWindow+Extension.swift in Sources */ = {isa = PBXBuildFile; fileRef = C73BC37F287592D300DC2D12 /* UIWindow+Extension.swift */; };
		C73BC3822875936C00DC2D12 /* UIActivityIndicator+Extension.swift in Sources */ = {isa = PBXBuildFile; fileRef = C73BC3812875936C00DC2D12 /* UIActivityIndicator+Extension.swift */; };
		C7698471287473110084ACFB /* AppDelegate.swift in Sources */ = {isa = PBXBuildFile; fileRef = C7698470287473110084ACFB /* AppDelegate.swift */; };
		C7698473287473110084ACFB /* SceneDelegate.swift in Sources */ = {isa = PBXBuildFile; fileRef = C7698472287473110084ACFB /* SceneDelegate.swift */; };
		C7698475287473110084ACFB /* StartViewController.swift in Sources */ = {isa = PBXBuildFile; fileRef = C7698474287473110084ACFB /* StartViewController.swift */; };
		C7698478287473110084ACFB /* Example1.storyboard in Resources */ = {isa = PBXBuildFile; fileRef = C7698476287473110084ACFB /* Example1.storyboard */; };
		C769847A287473120084ACFB /* Assets.xcassets in Resources */ = {isa = PBXBuildFile; fileRef = C7698479287473120084ACFB /* Assets.xcassets */; };
		C769847D287473120084ACFB /* LaunchScreen.storyboard in Resources */ = {isa = PBXBuildFile; fileRef = C769847B287473120084ACFB /* LaunchScreen.storyboard */; };
		C78147FA2875D7AF0022E170 /* SonyWorld.gpx in Resources */ = {isa = PBXBuildFile; fileRef = C78147F82875D7AF0022E170 /* SonyWorld.gpx */; };
		C78147FB2875D7AF0022E170 /* Example3.xcassets in Resources */ = {isa = PBXBuildFile; fileRef = C78147F92875D7AF0022E170 /* Example3.xcassets */; };
		C78147FE2875D8170022E170 /* Example3.storyboard in Resources */ = {isa = PBXBuildFile; fileRef = C78147FD2875D8170022E170 /* Example3.storyboard */; };
		C78148062875D8500022E170 /* PlaceTableCell.xib in Resources */ = {isa = PBXBuildFile; fileRef = C78148052875D8500022E170 /* PlaceTableCell.xib */; };
		C781480F2875D89C0022E170 /* PaginationCell.xib in Resources */ = {isa = PBXBuildFile; fileRef = C781480E2875D89C0022E170 /* PaginationCell.xib */; };
		C78148112875D8A00022E170 /* CollectionTableCell.xib in Resources */ = {isa = PBXBuildFile; fileRef = C78148102875D8A00022E170 /* CollectionTableCell.xib */; };
		C78148132875D8A30022E170 /* PlaceView.xib in Resources */ = {isa = PBXBuildFile; fileRef = C78148122875D8A30022E170 /* PlaceView.xib */; };
		C78148152875D8A60022E170 /* ImageAndLabelCollectionCell.xib in Resources */ = {isa = PBXBuildFile; fileRef = C78148142875D8A60022E170 /* ImageAndLabelCollectionCell.xib */; };
		C78148172875D9500022E170 /* AppConstants.swift in Sources */ = {isa = PBXBuildFile; fileRef = C78148162875D9500022E170 /* AppConstants.swift */; };
		C78148192875D96E0022E170 /* PlaceWebService.swift in Sources */ = {isa = PBXBuildFile; fileRef = C78148182875D96D0022E170 /* PlaceWebService.swift */; };
		C781481B2875D9910022E170 /* WebServiceManager.swift in Sources */ = {isa = PBXBuildFile; fileRef = C781481A2875D9910022E170 /* WebServiceManager.swift */; };
		C781481D2875D9B10022E170 /* LocationManager.swift in Sources */ = {isa = PBXBuildFile; fileRef = C781481C2875D9B10022E170 /* LocationManager.swift */; };
		C781481F2875D9C30022E170 /* AlertManager.swift in Sources */ = {isa = PBXBuildFile; fileRef = C781481E2875D9C30022E170 /* AlertManager.swift */; };
		C78148232875DAF70022E170 /* Place.swift in Sources */ = {isa = PBXBuildFile; fileRef = C78148222875DAF70022E170 /* Place.swift */; };
		C78148252875DB1F0022E170 /* PlaceType.swift in Sources */ = {isa = PBXBuildFile; fileRef = C78148242875DB1F0022E170 /* PlaceType.swift */; };
		C78148272875DB410022E170 /* Photo.swift in Sources */ = {isa = PBXBuildFile; fileRef = C78148262875DB410022E170 /* Photo.swift */; };
		C781482A2875DB790022E170 /* Geometry.swift in Sources */ = {isa = PBXBuildFile; fileRef = C78148292875DB790022E170 /* Geometry.swift */; };
		C781482D2875DCD90022E170 /* Kingfisher in Frameworks */ = {isa = PBXBuildFile; productRef = C781482C2875DCD90022E170 /* Kingfisher */; };
		C7A3C4052880334300B50EA7 /* PlaceDetailController.swift in Sources */ = {isa = PBXBuildFile; fileRef = C7A3C4042880334300B50EA7 /* PlaceDetailController.swift */; };
		C7A3C407288034F100B50EA7 /* PlaceDetailViewModel.swift in Sources */ = {isa = PBXBuildFile; fileRef = C7A3C406288034F100B50EA7 /* PlaceDetailViewModel.swift */; };
		C7A3C4092880365500B50EA7 /* Bool+Extension.swift in Sources */ = {isa = PBXBuildFile; fileRef = C7A3C4082880365500B50EA7 /* Bool+Extension.swift */; };
		C7A3C40B28803AB900B50EA7 /* ReusableTableViewCell.swift in Sources */ = {isa = PBXBuildFile; fileRef = C7A3C40A28803AB900B50EA7 /* ReusableTableViewCell.swift */; };
		C7A3C40D28803ADA00B50EA7 /* ReusableCollectionViewCell.swift in Sources */ = {isa = PBXBuildFile; fileRef = C7A3C40C28803ADA00B50EA7 /* ReusableCollectionViewCell.swift */; };
		C7A3C40F28803B0100B50EA7 /* ActivityIndicator.swift in Sources */ = {isa = PBXBuildFile; fileRef = C7A3C40E28803B0100B50EA7 /* ActivityIndicator.swift */; };
		C7A3C41228803D0300B50EA7 /* PlaceTableCell.swift in Sources */ = {isa = PBXBuildFile; fileRef = C7A3C41128803D0300B50EA7 /* PlaceTableCell.swift */; };
		C7A3C41428803D7400B50EA7 /* PlaceTableCellViewModel.swift in Sources */ = {isa = PBXBuildFile; fileRef = C7A3C41328803D7400B50EA7 /* PlaceTableCellViewModel.swift */; };
		C7A3C41628803DD600B50EA7 /* PlaceView.swift in Sources */ = {isa = PBXBuildFile; fileRef = C7A3C41528803DD600B50EA7 /* PlaceView.swift */; };
		C7A3C41828803E0500B50EA7 /* PlaceViewModel.swift in Sources */ = {isa = PBXBuildFile; fileRef = C7A3C41728803E0500B50EA7 /* PlaceViewModel.swift */; };
		C7A3C41A2880526100B50EA7 /* PlaceListController.swift in Sources */ = {isa = PBXBuildFile; fileRef = C7A3C4192880526100B50EA7 /* PlaceListController.swift */; };
		C7A3C41C2880530900B50EA7 /* PlaceListViewModel.swift in Sources */ = {isa = PBXBuildFile; fileRef = C7A3C41B2880530900B50EA7 /* PlaceListViewModel.swift */; };
		C7A3C41E28805E9700B50EA7 /* PaginationCellViewModel.swift in Sources */ = {isa = PBXBuildFile; fileRef = C7A3C41D28805E9700B50EA7 /* PaginationCellViewModel.swift */; };
		C7A3C42028805F3800B50EA7 /* PaginationCell.swift in Sources */ = {isa = PBXBuildFile; fileRef = C7A3C41F28805F3800B50EA7 /* PaginationCell.swift */; };
		C7A3C4222880624A00B50EA7 /* CollectionTableCell.swift in Sources */ = {isa = PBXBuildFile; fileRef = C7A3C4212880624A00B50EA7 /* CollectionTableCell.swift */; };
		C7A3C4242880637D00B50EA7 /* PlacesTableCollectionCellViewModel.swift in Sources */ = {isa = PBXBuildFile; fileRef = C7A3C4232880637D00B50EA7 /* PlacesTableCollectionCellViewModel.swift */; };
		C7A3C4262880642D00B50EA7 /* ImageAndLabelCollectionCell.swift in Sources */ = {isa = PBXBuildFile; fileRef = C7A3C4252880642D00B50EA7 /* ImageAndLabelCollectionCell.swift */; };
		C7A3C4282880646600B50EA7 /* ImageAndLabelCollectionCellModel.swift in Sources */ = {isa = PBXBuildFile; fileRef = C7A3C4272880646600B50EA7 /* ImageAndLabelCollectionCellModel.swift */; };
		C7A3C42A2880647600B50EA7 /* ImageAndLabelCollectionCellViewModel.swift in Sources */ = {isa = PBXBuildFile; fileRef = C7A3C4292880647600B50EA7 /* ImageAndLabelCollectionCellViewModel.swift */; };
		C7A3C42C2880678900B50EA7 /* CategoriesTableCollectionCellViewModel.swift in Sources */ = {isa = PBXBuildFile; fileRef = C7A3C42B2880678900B50EA7 /* CategoriesTableCollectionCellViewModel.swift */; };
		C7A3C42E2880682C00B50EA7 /* TableCollectionCellRepresentable.swift in Sources */ = {isa = PBXBuildFile; fileRef = C7A3C42D2880682C00B50EA7 /* TableCollectionCellRepresentable.swift */; };
		C7A3C4302880685E00B50EA7 /* PlacesTableCollectionCellModel.swift in Sources */ = {isa = PBXBuildFile; fileRef = C7A3C42F2880685E00B50EA7 /* PlacesTableCollectionCellModel.swift */; };
		C7A3C43228806CC000B50EA7 /* HomeViewModel.swift in Sources */ = {isa = PBXBuildFile; fileRef = C7A3C43128806CC000B50EA7 /* HomeViewModel.swift */; };
		C7A3C43428806D0C00B50EA7 /* HomeViewController.swift in Sources */ = {isa = PBXBuildFile; fileRef = C7A3C43328806D0C00B50EA7 /* HomeViewController.swift */; };
		C7A3C4502880FDED00B50EA7 /* HomeTableCellType.swift in Sources */ = {isa = PBXBuildFile; fileRef = C7A3C44F2880FDED00B50EA7 /* HomeTableCellType.swift */; };
		C7B95E842875CB1900A5C823 /* LoginView.swift in Sources */ = {isa = PBXBuildFile; fileRef = C7B95E832875CB1900A5C823 /* LoginView.swift */; };
		C7B95E862875CC2500A5C823 /* LoginViewModel.swift in Sources */ = {isa = PBXBuildFile; fileRef = C7B95E852875CC2500A5C823 /* LoginViewModel.swift */; };
		C7B95E882875CC3B00A5C823 /* LoginViewController.swift in Sources */ = {isa = PBXBuildFile; fileRef = C7B95E872875CC3B00A5C823 /* LoginViewController.swift */; };
		C7B95E8B2875CC6C00A5C823 /* RegisterView.swift in Sources */ = {isa = PBXBuildFile; fileRef = C7B95E892875CC6C00A5C823 /* RegisterView.swift */; };
		C7B95E8C2875CC6C00A5C823 /* RegistrationViewController.swift in Sources */ = {isa = PBXBuildFile; fileRef = C7B95E8A2875CC6C00A5C823 /* RegistrationViewController.swift */; };
		C7B95E8E2875CC7900A5C823 /* RegistrationViewModel.swift in Sources */ = {isa = PBXBuildFile; fileRef = C7B95E8D2875CC7900A5C823 /* RegistrationViewModel.swift */; };
		C7B95E912875CC8E00A5C823 /* MainMenuViewModel.swift in Sources */ = {isa = PBXBuildFile; fileRef = C7B95E8F2875CC8E00A5C823 /* MainMenuViewModel.swift */; };
		C7B95E922875CC8E00A5C823 /* MainMenuView.swift in Sources */ = {isa = PBXBuildFile; fileRef = C7B95E902875CC8E00A5C823 /* MainMenuView.swift */; };
		C7B95E942875CC9B00A5C823 /* MainMenuViewController.swift in Sources */ = {isa = PBXBuildFile; fileRef = C7B95E932875CC9B00A5C823 /* MainMenuViewController.swift */; };
		C7B95E982875D3C600A5C823 /* Main.storyboard in Resources */ = {isa = PBXBuildFile; fileRef = C7B95E972875D3C600A5C823 /* Main.storyboard */; };
		C7B95E9B2875D53500A5C823 /* ViewController.swift in Sources */ = {isa = PBXBuildFile; fileRef = C7B95E9A2875D53500A5C823 /* ViewController.swift */; };
		C7C045DD287477C300A5F7BD /* BlogPost.swift in Sources */ = {isa = PBXBuildFile; fileRef = C7C045DC287477C300A5F7BD /* BlogPost.swift */; };
		C7C045E02874781500A5F7BD /* Notification+Extension.swift in Sources */ = {isa = PBXBuildFile; fileRef = C7C045DF2874781500A5F7BD /* Notification+Extension.swift */; };
		C7C045E228747E7700A5F7BD /* TermsViewController.swift in Sources */ = {isa = PBXBuildFile; fileRef = C7C045E128747E7700A5F7BD /* TermsViewController.swift */; };
		C7C045E428747FC400A5F7BD /* SignupViewController.swift in Sources */ = {isa = PBXBuildFile; fileRef = C7C045E328747FC400A5F7BD /* SignupViewController.swift */; };
		C7D58F5F289661D20008CB61 /* UIControlViewViewController.swift in Sources */ = {isa = PBXBuildFile; fileRef = C7D58F5E289661D20008CB61 /* UIControlViewViewController.swift */; };
/* End PBXBuildFile section */

/* Begin PBXFileReference section */
		C73BC323287573D300DC2D12 /* ExampleOneTabBarViewController.swift */ = {isa = PBXFileReference; lastKnownFileType = sourcecode.swift; path = ExampleOneTabBarViewController.swift; sourceTree = "<group>"; };
		C73BC3342875755500DC2D12 /* RegisterView.xib */ = {isa = PBXFileReference; fileEncoding = 4; lastKnownFileType = file.xib; path = RegisterView.xib; sourceTree = "<group>"; };
		C73BC3422875755600DC2D12 /* MainMenuView.xib */ = {isa = PBXFileReference; fileEncoding = 4; lastKnownFileType = file.xib; path = MainMenuView.xib; sourceTree = "<group>"; };
		C73BC34F287575BD00DC2D12 /* LoginView.xib */ = {isa = PBXFileReference; fileEncoding = 4; lastKnownFileType = file.xib; path = LoginView.xib; sourceTree = "<group>"; };
		C73BC3512875766000DC2D12 /* Contents.swift */ = {isa = PBXFileReference; lastKnownFileType = sourcecode.swift; path = Contents.swift; sourceTree = "<group>"; };
		C73BC353287576ED00DC2D12 /* RegisterModel.swift */ = {isa = PBXFileReference; lastKnownFileType = sourcecode.swift; path = RegisterModel.swift; sourceTree = "<group>"; };
		C73BC3552875773200DC2D12 /* LoginModel.swift */ = {isa = PBXFileReference; lastKnownFileType = sourcecode.swift; path = LoginModel.swift; sourceTree = "<group>"; };
		C73BC3572875775500DC2D12 /* HTTPManagerProtocol.swift */ = {isa = PBXFileReference; lastKnownFileType = sourcecode.swift; path = HTTPManagerProtocol.swift; sourceTree = "<group>"; };
		C73BC359287577CA00DC2D12 /* URLSessionDataTaskProtocol.swift */ = {isa = PBXFileReference; lastKnownFileType = sourcecode.swift; path = URLSessionDataTaskProtocol.swift; sourceTree = "<group>"; };
		C73BC35B287577E800DC2D12 /* URLSessionProtocol.swift */ = {isa = PBXFileReference; lastKnownFileType = sourcecode.swift; path = URLSessionProtocol.swift; sourceTree = "<group>"; };
		C73BC35D2875787000DC2D12 /* HTTPManager+Extension.swift */ = {isa = PBXFileReference; lastKnownFileType = sourcecode.swift; path = "HTTPManager+Extension.swift"; sourceTree = "<group>"; };
		C73BC35F2875788500DC2D12 /* URLSessionDataTask+Extension.swift */ = {isa = PBXFileReference; lastKnownFileType = sourcecode.swift; path = "URLSessionDataTask+Extension.swift"; sourceTree = "<group>"; };
		C73BC363287578C300DC2D12 /* HTTPManager.swift */ = {isa = PBXFileReference; lastKnownFileType = sourcecode.swift; path = HTTPManager.swift; sourceTree = "<group>"; };
		C73BC36528757ADA00DC2D12 /* URLSession+Extension.swift */ = {isa = PBXFileReference; lastKnownFileType = sourcecode.swift; path = "URLSession+Extension.swift"; sourceTree = "<group>"; };
		C73BC36928757BDB00DC2D12 /* KeyChainProtocol.swift */ = {isa = PBXFileReference; lastKnownFileType = sourcecode.swift; path = KeyChainProtocol.swift; sourceTree = "<group>"; };
		C73BC36B28757C1300DC2D12 /* KeyChain.swift */ = {isa = PBXFileReference; lastKnownFileType = sourcecode.swift; path = KeyChain.swift; sourceTree = "<group>"; };
		C73BC36D28757CBF00DC2D12 /* Data+Extension.swift */ = {isa = PBXFileReference; lastKnownFileType = sourcecode.swift; path = "Data+Extension.swift"; sourceTree = "<group>"; };
		C73BC36F28757D8600DC2D12 /* KeyChainError.swift */ = {isa = PBXFileReference; lastKnownFileType = sourcecode.swift; path = KeyChainError.swift; sourceTree = "<group>"; };
		C73BC37128757DA600DC2D12 /* KeyChainManagerProtocol.swift */ = {isa = PBXFileReference; lastKnownFileType = sourcecode.swift; path = KeyChainManagerProtocol.swift; sourceTree = "<group>"; };
		C73BC37328757DFB00DC2D12 /* KeyChainManager.swift */ = {isa = PBXFileReference; lastKnownFileType = sourcecode.swift; path = KeyChainManager.swift; sourceTree = "<group>"; };
		C73BC37528757EEF00DC2D12 /* UserDataManagerProtocol.swift */ = {isa = PBXFileReference; lastKnownFileType = sourcecode.swift; path = UserDataManagerProtocol.swift; sourceTree = "<group>"; };
		C73BC37728757F1500DC2D12 /* UserDataManager.swift */ = {isa = PBXFileReference; lastKnownFileType = sourcecode.swift; path = UserDataManager.swift; sourceTree = "<group>"; };
		C73BC37B2875916700DC2D12 /* ObjectAssociation.swift */ = {isa = PBXFileReference; lastKnownFileType = sourcecode.swift; path = ObjectAssociation.swift; sourceTree = "<group>"; };
		C73BC37D2875925000DC2D12 /* API.swift */ = {isa = PBXFileReference; lastKnownFileType = sourcecode.swift; path = API.swift; sourceTree = "<group>"; };
		C73BC37F287592D300DC2D12 /* UIWindow+Extension.swift */ = {isa = PBXFileReference; lastKnownFileType = sourcecode.swift; path = "UIWindow+Extension.swift"; sourceTree = "<group>"; };
		C73BC3812875936C00DC2D12 /* UIActivityIndicator+Extension.swift */ = {isa = PBXFileReference; lastKnownFileType = sourcecode.swift; path = "UIActivityIndicator+Extension.swift"; sourceTree = "<group>"; };
		C769846D287473110084ACFB /* UIKitCombine.app */ = {isa = PBXFileReference; explicitFileType = wrapper.application; includeInIndex = 0; path = UIKitCombine.app; sourceTree = BUILT_PRODUCTS_DIR; };
		C7698470287473110084ACFB /* AppDelegate.swift */ = {isa = PBXFileReference; lastKnownFileType = sourcecode.swift; path = AppDelegate.swift; sourceTree = "<group>"; };
		C7698472287473110084ACFB /* SceneDelegate.swift */ = {isa = PBXFileReference; lastKnownFileType = sourcecode.swift; path = SceneDelegate.swift; sourceTree = "<group>"; };
		C7698474287473110084ACFB /* StartViewController.swift */ = {isa = PBXFileReference; lastKnownFileType = sourcecode.swift; path = StartViewController.swift; sourceTree = "<group>"; };
		C7698477287473110084ACFB /* Base */ = {isa = PBXFileReference; lastKnownFileType = file.storyboard; name = Base; path = Base.lproj/Example1.storyboard; sourceTree = "<group>"; };
		C7698479287473120084ACFB /* Assets.xcassets */ = {isa = PBXFileReference; lastKnownFileType = folder.assetcatalog; path = Assets.xcassets; sourceTree = "<group>"; };
		C769847C287473120084ACFB /* Base */ = {isa = PBXFileReference; lastKnownFileType = file.storyboard; name = Base; path = Base.lproj/LaunchScreen.storyboard; sourceTree = "<group>"; };
		C769847E287473120084ACFB /* Info.plist */ = {isa = PBXFileReference; lastKnownFileType = text.plist.xml; path = Info.plist; sourceTree = "<group>"; };
		C78147F82875D7AF0022E170 /* SonyWorld.gpx */ = {isa = PBXFileReference; fileEncoding = 4; lastKnownFileType = text.xml; path = SonyWorld.gpx; sourceTree = "<group>"; };
		C78147F92875D7AF0022E170 /* Example3.xcassets */ = {isa = PBXFileReference; lastKnownFileType = folder.assetcatalog; path = Example3.xcassets; sourceTree = "<group>"; };
		C78147FD2875D8170022E170 /* Example3.storyboard */ = {isa = PBXFileReference; fileEncoding = 4; lastKnownFileType = file.storyboard; path = Example3.storyboard; sourceTree = "<group>"; };
		C78148052875D8500022E170 /* PlaceTableCell.xib */ = {isa = PBXFileReference; fileEncoding = 4; lastKnownFileType = file.xib; path = PlaceTableCell.xib; sourceTree = "<group>"; };
		C781480E2875D89C0022E170 /* PaginationCell.xib */ = {isa = PBXFileReference; fileEncoding = 4; lastKnownFileType = file.xib; path = PaginationCell.xib; sourceTree = "<group>"; };
		C78148102875D8A00022E170 /* CollectionTableCell.xib */ = {isa = PBXFileReference; fileEncoding = 4; lastKnownFileType = file.xib; path = CollectionTableCell.xib; sourceTree = "<group>"; };
		C78148122875D8A30022E170 /* PlaceView.xib */ = {isa = PBXFileReference; fileEncoding = 4; lastKnownFileType = file.xib; path = PlaceView.xib; sourceTree = "<group>"; };
		C78148142875D8A60022E170 /* ImageAndLabelCollectionCell.xib */ = {isa = PBXFileReference; fileEncoding = 4; lastKnownFileType = file.xib; path = ImageAndLabelCollectionCell.xib; sourceTree = "<group>"; };
		C78148162875D9500022E170 /* AppConstants.swift */ = {isa = PBXFileReference; lastKnownFileType = sourcecode.swift; path = AppConstants.swift; sourceTree = "<group>"; };
		C78148182875D96D0022E170 /* PlaceWebService.swift */ = {isa = PBXFileReference; lastKnownFileType = sourcecode.swift; path = PlaceWebService.swift; sourceTree = "<group>"; };
		C781481A2875D9910022E170 /* WebServiceManager.swift */ = {isa = PBXFileReference; lastKnownFileType = sourcecode.swift; path = WebServiceManager.swift; sourceTree = "<group>"; };
		C781481C2875D9B10022E170 /* LocationManager.swift */ = {isa = PBXFileReference; lastKnownFileType = sourcecode.swift; path = LocationManager.swift; sourceTree = "<group>"; };
		C781481E2875D9C30022E170 /* AlertManager.swift */ = {isa = PBXFileReference; lastKnownFileType = sourcecode.swift; path = AlertManager.swift; sourceTree = "<group>"; };
		C78148222875DAF70022E170 /* Place.swift */ = {isa = PBXFileReference; lastKnownFileType = sourcecode.swift; path = Place.swift; sourceTree = "<group>"; };
		C78148242875DB1F0022E170 /* PlaceType.swift */ = {isa = PBXFileReference; lastKnownFileType = sourcecode.swift; path = PlaceType.swift; sourceTree = "<group>"; };
		C78148262875DB410022E170 /* Photo.swift */ = {isa = PBXFileReference; lastKnownFileType = sourcecode.swift; path = Photo.swift; sourceTree = "<group>"; };
		C78148292875DB790022E170 /* Geometry.swift */ = {isa = PBXFileReference; lastKnownFileType = sourcecode.swift; path = Geometry.swift; sourceTree = "<group>"; };
		C7A3C4042880334300B50EA7 /* PlaceDetailController.swift */ = {isa = PBXFileReference; lastKnownFileType = sourcecode.swift; path = PlaceDetailController.swift; sourceTree = "<group>"; };
		C7A3C406288034F100B50EA7 /* PlaceDetailViewModel.swift */ = {isa = PBXFileReference; lastKnownFileType = sourcecode.swift; path = PlaceDetailViewModel.swift; sourceTree = "<group>"; };
		C7A3C4082880365500B50EA7 /* Bool+Extension.swift */ = {isa = PBXFileReference; lastKnownFileType = sourcecode.swift; path = "Bool+Extension.swift"; sourceTree = "<group>"; };
		C7A3C40A28803AB900B50EA7 /* ReusableTableViewCell.swift */ = {isa = PBXFileReference; lastKnownFileType = sourcecode.swift; path = ReusableTableViewCell.swift; sourceTree = "<group>"; };
		C7A3C40C28803ADA00B50EA7 /* ReusableCollectionViewCell.swift */ = {isa = PBXFileReference; lastKnownFileType = sourcecode.swift; path = ReusableCollectionViewCell.swift; sourceTree = "<group>"; };
		C7A3C40E28803B0100B50EA7 /* ActivityIndicator.swift */ = {isa = PBXFileReference; lastKnownFileType = sourcecode.swift; path = ActivityIndicator.swift; sourceTree = "<group>"; };
		C7A3C41128803D0300B50EA7 /* PlaceTableCell.swift */ = {isa = PBXFileReference; lastKnownFileType = sourcecode.swift; path = PlaceTableCell.swift; sourceTree = "<group>"; };
		C7A3C41328803D7400B50EA7 /* PlaceTableCellViewModel.swift */ = {isa = PBXFileReference; lastKnownFileType = sourcecode.swift; path = PlaceTableCellViewModel.swift; sourceTree = "<group>"; };
		C7A3C41528803DD600B50EA7 /* PlaceView.swift */ = {isa = PBXFileReference; lastKnownFileType = sourcecode.swift; path = PlaceView.swift; sourceTree = "<group>"; };
		C7A3C41728803E0500B50EA7 /* PlaceViewModel.swift */ = {isa = PBXFileReference; lastKnownFileType = sourcecode.swift; path = PlaceViewModel.swift; sourceTree = "<group>"; };
		C7A3C4192880526100B50EA7 /* PlaceListController.swift */ = {isa = PBXFileReference; lastKnownFileType = sourcecode.swift; path = PlaceListController.swift; sourceTree = "<group>"; };
		C7A3C41B2880530900B50EA7 /* PlaceListViewModel.swift */ = {isa = PBXFileReference; lastKnownFileType = sourcecode.swift; path = PlaceListViewModel.swift; sourceTree = "<group>"; };
		C7A3C41D28805E9700B50EA7 /* PaginationCellViewModel.swift */ = {isa = PBXFileReference; lastKnownFileType = sourcecode.swift; path = PaginationCellViewModel.swift; sourceTree = "<group>"; };
		C7A3C41F28805F3800B50EA7 /* PaginationCell.swift */ = {isa = PBXFileReference; lastKnownFileType = sourcecode.swift; path = PaginationCell.swift; sourceTree = "<group>"; };
		C7A3C4212880624A00B50EA7 /* CollectionTableCell.swift */ = {isa = PBXFileReference; lastKnownFileType = sourcecode.swift; path = CollectionTableCell.swift; sourceTree = "<group>"; };
		C7A3C4232880637D00B50EA7 /* PlacesTableCollectionCellViewModel.swift */ = {isa = PBXFileReference; lastKnownFileType = sourcecode.swift; path = PlacesTableCollectionCellViewModel.swift; sourceTree = "<group>"; };
		C7A3C4252880642D00B50EA7 /* ImageAndLabelCollectionCell.swift */ = {isa = PBXFileReference; lastKnownFileType = sourcecode.swift; path = ImageAndLabelCollectionCell.swift; sourceTree = "<group>"; };
		C7A3C4272880646600B50EA7 /* ImageAndLabelCollectionCellModel.swift */ = {isa = PBXFileReference; lastKnownFileType = sourcecode.swift; path = ImageAndLabelCollectionCellModel.swift; sourceTree = "<group>"; };
		C7A3C4292880647600B50EA7 /* ImageAndLabelCollectionCellViewModel.swift */ = {isa = PBXFileReference; lastKnownFileType = sourcecode.swift; path = ImageAndLabelCollectionCellViewModel.swift; sourceTree = "<group>"; };
		C7A3C42B2880678900B50EA7 /* CategoriesTableCollectionCellViewModel.swift */ = {isa = PBXFileReference; lastKnownFileType = sourcecode.swift; path = CategoriesTableCollectionCellViewModel.swift; sourceTree = "<group>"; };
		C7A3C42D2880682C00B50EA7 /* TableCollectionCellRepresentable.swift */ = {isa = PBXFileReference; lastKnownFileType = sourcecode.swift; path = TableCollectionCellRepresentable.swift; sourceTree = "<group>"; };
		C7A3C42F2880685E00B50EA7 /* PlacesTableCollectionCellModel.swift */ = {isa = PBXFileReference; lastKnownFileType = sourcecode.swift; path = PlacesTableCollectionCellModel.swift; sourceTree = "<group>"; };
		C7A3C43128806CC000B50EA7 /* HomeViewModel.swift */ = {isa = PBXFileReference; lastKnownFileType = sourcecode.swift; path = HomeViewModel.swift; sourceTree = "<group>"; };
		C7A3C43328806D0C00B50EA7 /* HomeViewController.swift */ = {isa = PBXFileReference; lastKnownFileType = sourcecode.swift; path = HomeViewController.swift; sourceTree = "<group>"; };
		C7A3C44F2880FDED00B50EA7 /* HomeTableCellType.swift */ = {isa = PBXFileReference; lastKnownFileType = sourcecode.swift; path = HomeTableCellType.swift; sourceTree = "<group>"; };
		C7B95E832875CB1900A5C823 /* LoginView.swift */ = {isa = PBXFileReference; lastKnownFileType = sourcecode.swift; path = LoginView.swift; sourceTree = "<group>"; };
		C7B95E852875CC2500A5C823 /* LoginViewModel.swift */ = {isa = PBXFileReference; lastKnownFileType = sourcecode.swift; path = LoginViewModel.swift; sourceTree = "<group>"; };
		C7B95E872875CC3B00A5C823 /* LoginViewController.swift */ = {isa = PBXFileReference; lastKnownFileType = sourcecode.swift; path = LoginViewController.swift; sourceTree = "<group>"; };
		C7B95E892875CC6C00A5C823 /* RegisterView.swift */ = {isa = PBXFileReference; fileEncoding = 4; lastKnownFileType = sourcecode.swift; path = RegisterView.swift; sourceTree = "<group>"; };
		C7B95E8A2875CC6C00A5C823 /* RegistrationViewController.swift */ = {isa = PBXFileReference; fileEncoding = 4; lastKnownFileType = sourcecode.swift; path = RegistrationViewController.swift; sourceTree = "<group>"; };
		C7B95E8D2875CC7900A5C823 /* RegistrationViewModel.swift */ = {isa = PBXFileReference; fileEncoding = 4; lastKnownFileType = sourcecode.swift; path = RegistrationViewModel.swift; sourceTree = "<group>"; };
		C7B95E8F2875CC8E00A5C823 /* MainMenuViewModel.swift */ = {isa = PBXFileReference; fileEncoding = 4; lastKnownFileType = sourcecode.swift; path = MainMenuViewModel.swift; sourceTree = "<group>"; };
		C7B95E902875CC8E00A5C823 /* MainMenuView.swift */ = {isa = PBXFileReference; fileEncoding = 4; lastKnownFileType = sourcecode.swift; path = MainMenuView.swift; sourceTree = "<group>"; };
		C7B95E932875CC9B00A5C823 /* MainMenuViewController.swift */ = {isa = PBXFileReference; fileEncoding = 4; lastKnownFileType = sourcecode.swift; path = MainMenuViewController.swift; sourceTree = "<group>"; };
		C7B95E972875D3C600A5C823 /* Main.storyboard */ = {isa = PBXFileReference; lastKnownFileType = file.storyboard; path = Main.storyboard; sourceTree = "<group>"; };
		C7B95E9A2875D53500A5C823 /* ViewController.swift */ = {isa = PBXFileReference; lastKnownFileType = sourcecode.swift; path = ViewController.swift; sourceTree = "<group>"; };
		C7C045DC287477C300A5F7BD /* BlogPost.swift */ = {isa = PBXFileReference; lastKnownFileType = sourcecode.swift; path = BlogPost.swift; sourceTree = "<group>"; };
		C7C045DF2874781500A5F7BD /* Notification+Extension.swift */ = {isa = PBXFileReference; lastKnownFileType = sourcecode.swift; path = "Notification+Extension.swift"; sourceTree = "<group>"; };
		C7C045E128747E7700A5F7BD /* TermsViewController.swift */ = {isa = PBXFileReference; lastKnownFileType = sourcecode.swift; path = TermsViewController.swift; sourceTree = "<group>"; };
		C7C045E328747FC400A5F7BD /* SignupViewController.swift */ = {isa = PBXFileReference; lastKnownFileType = sourcecode.swift; path = SignupViewController.swift; sourceTree = "<group>"; };
		C7D58F5E289661D20008CB61 /* UIControlViewViewController.swift */ = {isa = PBXFileReference; lastKnownFileType = sourcecode.swift; path = UIControlViewViewController.swift; sourceTree = "<group>"; };
/* End PBXFileReference section */

/* Begin PBXFrameworksBuildPhase section */
		C769846A287473110084ACFB /* Frameworks */ = {
			isa = PBXFrameworksBuildPhase;
			buildActionMask = 2147483647;
			files = (
				C781482D2875DCD90022E170 /* Kingfisher in Frameworks */,
			);
			runOnlyForDeploymentPostprocessing = 0;
		};
/* End PBXFrameworksBuildPhase section */

/* Begin PBXGroup section */
		C73BC3222875733D00DC2D12 /* Example1 */ = {
			isa = PBXGroup;
			children = (
				C7698476287473110084ACFB /* Example1.storyboard */,
				C7C045DE287477F700A5F7BD /* Extension */,
				C7C045DB287477B400A5F7BD /* Model */,
				C76586C128747733007D17E3 /* ViewContoller */,
			);
			path = Example1;
			sourceTree = "<group>";
		};
		C73BC3272875749C00DC2D12 /* Example2 */ = {
			isa = PBXGroup;
			children = (
				C73BC3512875766000DC2D12 /* Contents.swift */,
				C73BC363287578C300DC2D12 /* HTTPManager.swift */,
				C73BC37528757EEF00DC2D12 /* UserDataManagerProtocol.swift */,
				C73BC37728757F1500DC2D12 /* UserDataManager.swift */,
				C73BC329287574C500DC2D12 /* Protocols */,
				C73BC328287574B800DC2D12 /* Model */,
				C73BC33C2875755600DC2D12 /* Extensions */,
				C73BC32D2875755500DC2D12 /* HelperClasses */,
				C73BC3372875755500DC2D12 /* Keychain */,
				C7B95E992875D4E800A5C823 /* View */,
			);
			path = Example2;
			sourceTree = "<group>";
		};
		C73BC328287574B800DC2D12 /* Model */ = {
			isa = PBXGroup;
			children = (
				C73BC353287576ED00DC2D12 /* RegisterModel.swift */,
				C73BC3552875773200DC2D12 /* LoginModel.swift */,
			);
			path = Model;
			sourceTree = "<group>";
		};
		C73BC329287574C500DC2D12 /* Protocols */ = {
			isa = PBXGroup;
			children = (
				C73BC3572875775500DC2D12 /* HTTPManagerProtocol.swift */,
				C73BC359287577CA00DC2D12 /* URLSessionDataTaskProtocol.swift */,
				C73BC35B287577E800DC2D12 /* URLSessionProtocol.swift */,
				C73BC32A287574CE00DC2D12 /* ProtocolExtensions */,
			);
			path = Protocols;
			sourceTree = "<group>";
		};
		C73BC32A287574CE00DC2D12 /* ProtocolExtensions */ = {
			isa = PBXGroup;
			children = (
				C73BC35D2875787000DC2D12 /* HTTPManager+Extension.swift */,
				C73BC35F2875788500DC2D12 /* URLSessionDataTask+Extension.swift */,
				C73BC36528757ADA00DC2D12 /* URLSession+Extension.swift */,
			);
			path = ProtocolExtensions;
			sourceTree = "<group>";
		};
		C73BC32B2875755500DC2D12 /* Login */ = {
			isa = PBXGroup;
			children = (
				C73BC34F287575BD00DC2D12 /* LoginView.xib */,
				C7B95E832875CB1900A5C823 /* LoginView.swift */,
				C7B95E852875CC2500A5C823 /* LoginViewModel.swift */,
				C7B95E872875CC3B00A5C823 /* LoginViewController.swift */,
			);
			path = Login;
			sourceTree = "<group>";
		};
		C73BC32D2875755500DC2D12 /* HelperClasses */ = {
			isa = PBXGroup;
			children = (
				C73BC37B2875916700DC2D12 /* ObjectAssociation.swift */,
				C73BC37D2875925000DC2D12 /* API.swift */,
			);
			path = HelperClasses;
			sourceTree = "<group>";
		};
		C73BC3332875755500DC2D12 /* Registration */ = {
			isa = PBXGroup;
			children = (
				C73BC3342875755500DC2D12 /* RegisterView.xib */,
				C7B95E892875CC6C00A5C823 /* RegisterView.swift */,
				C7B95E8D2875CC7900A5C823 /* RegistrationViewModel.swift */,
				C7B95E8A2875CC6C00A5C823 /* RegistrationViewController.swift */,
			);
			path = Registration;
			sourceTree = "<group>";
		};
		C73BC3372875755500DC2D12 /* Keychain */ = {
			isa = PBXGroup;
			children = (
				C73BC36928757BDB00DC2D12 /* KeyChainProtocol.swift */,
				C73BC36B28757C1300DC2D12 /* KeyChain.swift */,
				C73BC36D28757CBF00DC2D12 /* Data+Extension.swift */,
				C73BC36F28757D8600DC2D12 /* KeyChainError.swift */,
				C73BC37128757DA600DC2D12 /* KeyChainManagerProtocol.swift */,
				C73BC37328757DFB00DC2D12 /* KeyChainManager.swift */,
			);
			path = Keychain;
			sourceTree = "<group>";
		};
		C73BC33C2875755600DC2D12 /* Extensions */ = {
			isa = PBXGroup;
			children = (
				C73BC37F287592D300DC2D12 /* UIWindow+Extension.swift */,
				C73BC3812875936C00DC2D12 /* UIActivityIndicator+Extension.swift */,
			);
			path = Extensions;
			sourceTree = "<group>";
		};
		C73BC33F2875755600DC2D12 /* MainMenu */ = {
			isa = PBXGroup;
			children = (
				C73BC3422875755600DC2D12 /* MainMenuView.xib */,
				C7B95E902875CC8E00A5C823 /* MainMenuView.swift */,
				C7B95E8F2875CC8E00A5C823 /* MainMenuViewModel.swift */,
				C7B95E932875CC9B00A5C823 /* MainMenuViewController.swift */,
			);
			path = MainMenu;
			sourceTree = "<group>";
		};
		C76586BF28747716007D17E3 /* App */ = {
			isa = PBXGroup;
			children = (
				C7698470287473110084ACFB /* AppDelegate.swift */,
				C7B95E9A2875D53500A5C823 /* ViewController.swift */,
				C7698472287473110084ACFB /* SceneDelegate.swift */,
				C7698479287473120084ACFB /* Assets.xcassets */,
				C769847E287473120084ACFB /* Info.plist */,
			);
			path = App;
			sourceTree = "<group>";
		};
		C76586C028747723007D17E3 /* Storyboard */ = {
			isa = PBXGroup;
			children = (
				C769847B287473120084ACFB /* LaunchScreen.storyboard */,
				C7B95E972875D3C600A5C823 /* Main.storyboard */,
			);
			path = Storyboard;
			sourceTree = "<group>";
		};
		C76586C128747733007D17E3 /* ViewContoller */ = {
			isa = PBXGroup;
			children = (
				C7698474287473110084ACFB /* StartViewController.swift */,
				C7C045E128747E7700A5F7BD /* TermsViewController.swift */,
				C7C045E328747FC400A5F7BD /* SignupViewController.swift */,
				C73BC323287573D300DC2D12 /* ExampleOneTabBarViewController.swift */,
			);
			path = ViewContoller;
			sourceTree = "<group>";
		};
		C7698464287473110084ACFB = {
			isa = PBXGroup;
			children = (
				C769846F287473110084ACFB /* UIKitCombine */,
				C769846E287473110084ACFB /* Products */,
			);
			sourceTree = "<group>";
		};
		C769846E287473110084ACFB /* Products */ = {
			isa = PBXGroup;
			children = (
				C769846D287473110084ACFB /* UIKitCombine.app */,
			);
			name = Products;
			sourceTree = "<group>";
		};
		C769846F287473110084ACFB /* UIKitCombine */ = {
			isa = PBXGroup;
			children = (
				C73BC3222875733D00DC2D12 /* Example1 */,
				C73BC3272875749C00DC2D12 /* Example2 */,
				C78147F12875D7180022E170 /* Example3 */,
				C7D58F5D289661B90008CB61 /* UIControl */,
				C76586C028747723007D17E3 /* Storyboard */,
				C76586BF28747716007D17E3 /* App */,
			);
			path = UIKitCombine;
			sourceTree = "<group>";
		};
		C78147F12875D7180022E170 /* Example3 */ = {
			isa = PBXGroup;
			children = (
				C78147F22875D7610022E170 /* Extensions */,
				C7A3C41028803BF200B50EA7 /* Reusable */,
				C78147F32875D7700022E170 /* Extras */,
				C78147FF2875D8250022E170 /* Modules */,
				C78147FC2875D8050022E170 /* Storyboard */,
				C78147F42875D7770022E170 /* Manager */,
				C78147F52875D7860022E170 /* WebService */,
				C78147F62875D78E0022E170 /* Constants */,
				C78147F72875D7940022E170 /* Resources */,
			);
			path = Example3;
			sourceTree = "<group>";
		};
		C78147F22875D7610022E170 /* Extensions */ = {
			isa = PBXGroup;
			children = (
				C7A3C4082880365500B50EA7 /* Bool+Extension.swift */,
			);
			path = Extensions;
			sourceTree = "<group>";
		};
		C78147F32875D7700022E170 /* Extras */ = {
			isa = PBXGroup;
			children = (
				C7A3C40E28803B0100B50EA7 /* ActivityIndicator.swift */,
			);
			path = Extras;
			sourceTree = "<group>";
		};
		C78147F42875D7770022E170 /* Manager */ = {
			isa = PBXGroup;
			children = (
				C781481C2875D9B10022E170 /* LocationManager.swift */,
				C781481E2875D9C30022E170 /* AlertManager.swift */,
			);
			path = Manager;
			sourceTree = "<group>";
		};
		C78147F52875D7860022E170 /* WebService */ = {
			isa = PBXGroup;
			children = (
				C78148182875D96D0022E170 /* PlaceWebService.swift */,
				C781481A2875D9910022E170 /* WebServiceManager.swift */,
			);
			path = WebService;
			sourceTree = "<group>";
		};
		C78147F62875D78E0022E170 /* Constants */ = {
			isa = PBXGroup;
			children = (
				C78148162875D9500022E170 /* AppConstants.swift */,
			);
			path = Constants;
			sourceTree = "<group>";
		};
		C78147F72875D7940022E170 /* Resources */ = {
			isa = PBXGroup;
			children = (
				C78147F92875D7AF0022E170 /* Example3.xcassets */,
				C78147F82875D7AF0022E170 /* SonyWorld.gpx */,
			);
			path = Resources;
			sourceTree = "<group>";
		};
		C78147FC2875D8050022E170 /* Storyboard */ = {
			isa = PBXGroup;
			children = (
				C78147FD2875D8170022E170 /* Example3.storyboard */,
			);
			path = Storyboard;
			sourceTree = "<group>";
		};
		C78147FF2875D8250022E170 /* Modules */ = {
			isa = PBXGroup;
			children = (
				C78148022875D8380022E170 /* Home */,
				C78148012875D8330022E170 /* PlaceList */,
				C78148002875D82D0022E170 /* PlaceDetail */,
			);
			path = Modules;
			sourceTree = "<group>";
		};
		C78148002875D82D0022E170 /* PlaceDetail */ = {
			isa = PBXGroup;
			children = (
				C7A3C4042880334300B50EA7 /* PlaceDetailController.swift */,
				C7A3C406288034F100B50EA7 /* PlaceDetailViewModel.swift */,
			);
			path = PlaceDetail;
			sourceTree = "<group>";
		};
		C78148012875D8330022E170 /* PlaceList */ = {
			isa = PBXGroup;
			children = (
				C78148042875D8450022E170 /* Controller */,
				C78148032875D83E0022E170 /* Cell */,
			);
			path = PlaceList;
			sourceTree = "<group>";
		};
		C78148022875D8380022E170 /* Home */ = {
			isa = PBXGroup;
			children = (
				C78148092875D8670022E170 /* Model */,
				C78148082875D8630022E170 /* Controller */,
				C78148072875D85F0022E170 /* Cell */,
			);
			path = Home;
			sourceTree = "<group>";
		};
		C78148032875D83E0022E170 /* Cell */ = {
			isa = PBXGroup;
			children = (
				C78148052875D8500022E170 /* PlaceTableCell.xib */,
				C7A3C41128803D0300B50EA7 /* PlaceTableCell.swift */,
				C7A3C41328803D7400B50EA7 /* PlaceTableCellViewModel.swift */,
			);
			path = Cell;
			sourceTree = "<group>";
		};
		C78148042875D8450022E170 /* Controller */ = {
			isa = PBXGroup;
			children = (
				C7A3C4192880526100B50EA7 /* PlaceListController.swift */,
				C7A3C41B2880530900B50EA7 /* PlaceListViewModel.swift */,
			);
			path = Controller;
			sourceTree = "<group>";
		};
		C78148072875D85F0022E170 /* Cell */ = {
			isa = PBXGroup;
			children = (
				C7A3C44F2880FDED00B50EA7 /* HomeTableCellType.swift */,
				C7A3C42D2880682C00B50EA7 /* TableCollectionCellRepresentable.swift */,
				C7A3C42F2880685E00B50EA7 /* PlacesTableCollectionCellModel.swift */,
				C7A3C4232880637D00B50EA7 /* PlacesTableCollectionCellViewModel.swift */,
				C7A3C42B2880678900B50EA7 /* CategoriesTableCollectionCellViewModel.swift */,
				C781480D2875D88B0022E170 /* ImageAndLabelCollectionCell */,
				C781480C2875D8870022E170 /* PlaceView */,
				C781480B2875D87E0022E170 /* CollectionTableCell */,
				C781480A2875D8740022E170 /* PaginationCell */,
			);
			path = Cell;
			sourceTree = "<group>";
		};
		C78148082875D8630022E170 /* Controller */ = {
			isa = PBXGroup;
			children = (
				C7A3C43128806CC000B50EA7 /* HomeViewModel.swift */,
				C7A3C43328806D0C00B50EA7 /* HomeViewController.swift */,
			);
			path = Controller;
			sourceTree = "<group>";
		};
		C78148092875D8670022E170 /* Model */ = {
			isa = PBXGroup;
			children = (
				C78148222875DAF70022E170 /* Place.swift */,
				C78148242875DB1F0022E170 /* PlaceType.swift */,
				C78148262875DB410022E170 /* Photo.swift */,
				C78148292875DB790022E170 /* Geometry.swift */,
			);
			path = Model;
			sourceTree = "<group>";
		};
		C781480A2875D8740022E170 /* PaginationCell */ = {
			isa = PBXGroup;
			children = (
				C781480E2875D89C0022E170 /* PaginationCell.xib */,
				C7A3C41D28805E9700B50EA7 /* PaginationCellViewModel.swift */,
				C7A3C41F28805F3800B50EA7 /* PaginationCell.swift */,
			);
			path = PaginationCell;
			sourceTree = "<group>";
		};
		C781480B2875D87E0022E170 /* CollectionTableCell */ = {
			isa = PBXGroup;
			children = (
				C78148102875D8A00022E170 /* CollectionTableCell.xib */,
				C7A3C4212880624A00B50EA7 /* CollectionTableCell.swift */,
			);
			path = CollectionTableCell;
			sourceTree = "<group>";
		};
		C781480C2875D8870022E170 /* PlaceView */ = {
			isa = PBXGroup;
			children = (
				C7A3C41528803DD600B50EA7 /* PlaceView.swift */,
				C78148122875D8A30022E170 /* PlaceView.xib */,
				C7A3C41728803E0500B50EA7 /* PlaceViewModel.swift */,
			);
			path = PlaceView;
			sourceTree = "<group>";
		};
		C781480D2875D88B0022E170 /* ImageAndLabelCollectionCell */ = {
			isa = PBXGroup;
			children = (
				C78148142875D8A60022E170 /* ImageAndLabelCollectionCell.xib */,
				C7A3C4252880642D00B50EA7 /* ImageAndLabelCollectionCell.swift */,
				C7A3C4272880646600B50EA7 /* ImageAndLabelCollectionCellModel.swift */,
				C7A3C4292880647600B50EA7 /* ImageAndLabelCollectionCellViewModel.swift */,
			);
			path = ImageAndLabelCollectionCell;
			sourceTree = "<group>";
		};
		C7A3C41028803BF200B50EA7 /* Reusable */ = {
			isa = PBXGroup;
			children = (
				C7A3C40A28803AB900B50EA7 /* ReusableTableViewCell.swift */,
				C7A3C40C28803ADA00B50EA7 /* ReusableCollectionViewCell.swift */,
			);
			path = Reusable;
			sourceTree = "<group>";
		};
		C7B95E992875D4E800A5C823 /* View */ = {
			isa = PBXGroup;
			children = (
				C73BC33F2875755600DC2D12 /* MainMenu */,
				C73BC32B2875755500DC2D12 /* Login */,
				C73BC3332875755500DC2D12 /* Registration */,
			);
			path = View;
			sourceTree = "<group>";
		};
		C7C045DB287477B400A5F7BD /* Model */ = {
			isa = PBXGroup;
			children = (
				C7C045DC287477C300A5F7BD /* BlogPost.swift */,
			);
			path = Model;
			sourceTree = "<group>";
		};
		C7C045DE287477F700A5F7BD /* Extension */ = {
			isa = PBXGroup;
			children = (
				C7C045DF2874781500A5F7BD /* Notification+Extension.swift */,
			);
			path = Extension;
			sourceTree = "<group>";
		};
		C7D58F5D289661B90008CB61 /* UIControl */ = {
			isa = PBXGroup;
			children = (
				C7D58F5E289661D20008CB61 /* UIControlViewViewController.swift */,
			);
			path = UIControl;
			sourceTree = "<group>";
		};
/* End PBXGroup section */

/* Begin PBXNativeTarget section */
		C769846C287473110084ACFB /* UIKitCombine */ = {
			isa = PBXNativeTarget;
			buildConfigurationList = C7698481287473120084ACFB /* Build configuration list for PBXNativeTarget "UIKitCombine" */;
			buildPhases = (
				C7698469287473110084ACFB /* Sources */,
				C769846A287473110084ACFB /* Frameworks */,
				C769846B287473110084ACFB /* Resources */,
			);
			buildRules = (
			);
			dependencies = (
			);
			name = UIKitCombine;
			packageProductDependencies = (
				C781482C2875DCD90022E170 /* Kingfisher */,
			);
			productName = UIKitCombine;
			productReference = C769846D287473110084ACFB /* UIKitCombine.app */;
			productType = "com.apple.product-type.application";
		};
/* End PBXNativeTarget section */

/* Begin PBXProject section */
		C7698465287473110084ACFB /* Project object */ = {
			isa = PBXProject;
			attributes = {
				BuildIndependentTargetsInParallel = 1;
				LastSwiftUpdateCheck = 1330;
				LastUpgradeCheck = 1330;
				TargetAttributes = {
					C769846C287473110084ACFB = {
						CreatedOnToolsVersion = 13.3;
					};
				};
			};
			buildConfigurationList = C7698468287473110084ACFB /* Build configuration list for PBXProject "UIKitCombine" */;
			compatibilityVersion = "Xcode 13.0";
			developmentRegion = en;
			hasScannedForEncodings = 0;
			knownRegions = (
				en,
				Base,
			);
			mainGroup = C7698464287473110084ACFB;
			packageReferences = (
				C781482B2875DCD90022E170 /* XCRemoteSwiftPackageReference "Kingfisher" */,
			);
			productRefGroup = C769846E287473110084ACFB /* Products */;
			projectDirPath = "";
			projectRoot = "";
			targets = (
				C769846C287473110084ACFB /* UIKitCombine */,
			);
		};
/* End PBXProject section */

/* Begin PBXResourcesBuildPhase section */
		C769846B287473110084ACFB /* Resources */ = {
			isa = PBXResourcesBuildPhase;
			buildActionMask = 2147483647;
			files = (
				C7B95E982875D3C600A5C823 /* Main.storyboard in Resources */,
				C78147FE2875D8170022E170 /* Example3.storyboard in Resources */,
				C73BC34E2875755600DC2D12 /* MainMenuView.xib in Resources */,
				C769847D287473120084ACFB /* LaunchScreen.storyboard in Resources */,
				C78147FA2875D7AF0022E170 /* SonyWorld.gpx in Resources */,
				C781480F2875D89C0022E170 /* PaginationCell.xib in Resources */,
				C78148062875D8500022E170 /* PlaceTableCell.xib in Resources */,
				C73BC3462875755600DC2D12 /* RegisterView.xib in Resources */,
				C73BC350287575BD00DC2D12 /* LoginView.xib in Resources */,
				C769847A287473120084ACFB /* Assets.xcassets in Resources */,
				C78147FB2875D7AF0022E170 /* Example3.xcassets in Resources */,
				C78148152875D8A60022E170 /* ImageAndLabelCollectionCell.xib in Resources */,
				C78148112875D8A00022E170 /* CollectionTableCell.xib in Resources */,
				C78148132875D8A30022E170 /* PlaceView.xib in Resources */,
				C7698478287473110084ACFB /* Example1.storyboard in Resources */,
			);
			runOnlyForDeploymentPostprocessing = 0;
		};
/* End PBXResourcesBuildPhase section */

/* Begin PBXSourcesBuildPhase section */
		C7698469287473110084ACFB /* Sources */ = {
			isa = PBXSourcesBuildPhase;
			buildActionMask = 2147483647;
			files = (
				C7A3C4282880646600B50EA7 /* ImageAndLabelCollectionCellModel.swift in Sources */,
				C7A3C40D28803ADA00B50EA7 /* ReusableCollectionViewCell.swift in Sources */,
				C78148272875DB410022E170 /* Photo.swift in Sources */,
				C78148192875D96E0022E170 /* PlaceWebService.swift in Sources */,
				C781481B2875D9910022E170 /* WebServiceManager.swift in Sources */,
				C7B95E922875CC8E00A5C823 /* MainMenuView.swift in Sources */,
				C73BC364287578C300DC2D12 /* HTTPManager.swift in Sources */,
				C7A3C41628803DD600B50EA7 /* PlaceView.swift in Sources */,
				C78148172875D9500022E170 /* AppConstants.swift in Sources */,
				C7B95E8E2875CC7900A5C823 /* RegistrationViewModel.swift in Sources */,
				C73BC35C287577E800DC2D12 /* URLSessionProtocol.swift in Sources */,
				C73BC324287573D300DC2D12 /* ExampleOneTabBarViewController.swift in Sources */,
				C73BC3522875766000DC2D12 /* Contents.swift in Sources */,
				C7B95E8C2875CC6C00A5C823 /* RegistrationViewController.swift in Sources */,
				C7698475287473110084ACFB /* StartViewController.swift in Sources */,
				C73BC3562875773200DC2D12 /* LoginModel.swift in Sources */,
				C7B95E942875CC9B00A5C823 /* MainMenuViewController.swift in Sources */,
				C7A3C41E28805E9700B50EA7 /* PaginationCellViewModel.swift in Sources */,
				C73BC37E2875925000DC2D12 /* API.swift in Sources */,
				C7A3C43228806CC000B50EA7 /* HomeViewModel.swift in Sources */,
				C7A3C40F28803B0100B50EA7 /* ActivityIndicator.swift in Sources */,
				C73BC37C2875916700DC2D12 /* ObjectAssociation.swift in Sources */,
				C7C045E428747FC400A5F7BD /* SignupViewController.swift in Sources */,
				C7A3C41C2880530900B50EA7 /* PlaceListViewModel.swift in Sources */,
				C7A3C41428803D7400B50EA7 /* PlaceTableCellViewModel.swift in Sources */,
				C73BC380287592D300DC2D12 /* UIWindow+Extension.swift in Sources */,
				C781481F2875D9C30022E170 /* AlertManager.swift in Sources */,
				C73BC37428757DFB00DC2D12 /* KeyChainManager.swift in Sources */,
				C7698471287473110084ACFB /* AppDelegate.swift in Sources */,
				C73BC36E28757CBF00DC2D12 /* Data+Extension.swift in Sources */,
				C781482A2875DB790022E170 /* Geometry.swift in Sources */,
				C73BC36A28757BDB00DC2D12 /* KeyChainProtocol.swift in Sources */,
				C73BC37228757DA600DC2D12 /* KeyChainManagerProtocol.swift in Sources */,
				C7A3C42028805F3800B50EA7 /* PaginationCell.swift in Sources */,
				C7698473287473110084ACFB /* SceneDelegate.swift in Sources */,
				C7A3C42C2880678900B50EA7 /* CategoriesTableCollectionCellViewModel.swift in Sources */,
				C73BC354287576ED00DC2D12 /* RegisterModel.swift in Sources */,
				C7D58F5F289661D20008CB61 /* UIControlViewViewController.swift in Sources */,
				C7B95E912875CC8E00A5C823 /* MainMenuViewModel.swift in Sources */,
				C73BC37628757EEF00DC2D12 /* UserDataManagerProtocol.swift in Sources */,
				C7A3C41828803E0500B50EA7 /* PlaceViewModel.swift in Sources */,
				C73BC35E2875787000DC2D12 /* HTTPManager+Extension.swift in Sources */,
				C7C045E02874781500A5F7BD /* Notification+Extension.swift in Sources */,
				C7A3C42E2880682C00B50EA7 /* TableCollectionCellRepresentable.swift in Sources */,
				C7A3C41A2880526100B50EA7 /* PlaceListController.swift in Sources */,
				C7A3C4222880624A00B50EA7 /* CollectionTableCell.swift in Sources */,
				C7B95E862875CC2500A5C823 /* LoginViewModel.swift in Sources */,
				C7B95E882875CC3B00A5C823 /* LoginViewController.swift in Sources */,
				C73BC35A287577CA00DC2D12 /* URLSessionDataTaskProtocol.swift in Sources */,
				C73BC3582875775500DC2D12 /* HTTPManagerProtocol.swift in Sources */,
				C7A3C43428806D0C00B50EA7 /* HomeViewController.swift in Sources */,
				C7A3C4242880637D00B50EA7 /* PlacesTableCollectionCellViewModel.swift in Sources */,
				C7B95E842875CB1900A5C823 /* LoginView.swift in Sources */,
				C7B95E9B2875D53500A5C823 /* ViewController.swift in Sources */,
				C7A3C4262880642D00B50EA7 /* ImageAndLabelCollectionCell.swift in Sources */,
				C78148232875DAF70022E170 /* Place.swift in Sources */,
				C7B95E8B2875CC6C00A5C823 /* RegisterView.swift in Sources */,
				C7A3C407288034F100B50EA7 /* PlaceDetailViewModel.swift in Sources */,
				C73BC37028757D8600DC2D12 /* KeyChainError.swift in Sources */,
				C781481D2875D9B10022E170 /* LocationManager.swift in Sources */,
				C7A3C42A2880647600B50EA7 /* ImageAndLabelCollectionCellViewModel.swift in Sources */,
				C7A3C4302880685E00B50EA7 /* PlacesTableCollectionCellModel.swift in Sources */,
				C73BC37828757F1500DC2D12 /* UserDataManager.swift in Sources */,
				C7A3C4092880365500B50EA7 /* Bool+Extension.swift in Sources */,
				C73BC3822875936C00DC2D12 /* UIActivityIndicator+Extension.swift in Sources */,
				C73BC36628757ADA00DC2D12 /* URLSession+Extension.swift in Sources */,
				C73BC3602875788500DC2D12 /* URLSessionDataTask+Extension.swift in Sources */,
				C73BC36C28757C1300DC2D12 /* KeyChain.swift in Sources */,
				C7C045E228747E7700A5F7BD /* TermsViewController.swift in Sources */,
				C7A3C4052880334300B50EA7 /* PlaceDetailController.swift in Sources */,
				C7A3C41228803D0300B50EA7 /* PlaceTableCell.swift in Sources */,
				C7C045DD287477C300A5F7BD /* BlogPost.swift in Sources */,
				C7A3C4502880FDED00B50EA7 /* HomeTableCellType.swift in Sources */,
				C7A3C40B28803AB900B50EA7 /* ReusableTableViewCell.swift in Sources */,
				C78148252875DB1F0022E170 /* PlaceType.swift in Sources */,
			);
			runOnlyForDeploymentPostprocessing = 0;
		};
/* End PBXSourcesBuildPhase section */

/* Begin PBXVariantGroup section */
		C7698476287473110084ACFB /* Example1.storyboard */ = {
			isa = PBXVariantGroup;
			children = (
				C7698477287473110084ACFB /* Base */,
			);
			name = Example1.storyboard;
			sourceTree = "<group>";
		};
		C769847B287473120084ACFB /* LaunchScreen.storyboard */ = {
			isa = PBXVariantGroup;
			children = (
				C769847C287473120084ACFB /* Base */,
			);
			name = LaunchScreen.storyboard;
			sourceTree = "<group>";
		};
/* End PBXVariantGroup section */

/* Begin XCBuildConfiguration section */
		C769847F287473120084ACFB /* Debug */ = {
			isa = XCBuildConfiguration;
			buildSettings = {
				ALWAYS_SEARCH_USER_PATHS = NO;
				CLANG_ANALYZER_NONNULL = YES;
				CLANG_ANALYZER_NUMBER_OBJECT_CONVERSION = YES_AGGRESSIVE;
				CLANG_CXX_LANGUAGE_STANDARD = "gnu++17";
				CLANG_ENABLE_MODULES = YES;
				CLANG_ENABLE_OBJC_ARC = YES;
				CLANG_ENABLE_OBJC_WEAK = YES;
				CLANG_WARN_BLOCK_CAPTURE_AUTORELEASING = YES;
				CLANG_WARN_BOOL_CONVERSION = YES;
				CLANG_WARN_COMMA = YES;
				CLANG_WARN_CONSTANT_CONVERSION = YES;
				CLANG_WARN_DEPRECATED_OBJC_IMPLEMENTATIONS = YES;
				CLANG_WARN_DIRECT_OBJC_ISA_USAGE = YES_ERROR;
				CLANG_WARN_DOCUMENTATION_COMMENTS = YES;
				CLANG_WARN_EMPTY_BODY = YES;
				CLANG_WARN_ENUM_CONVERSION = YES;
				CLANG_WARN_INFINITE_RECURSION = YES;
				CLANG_WARN_INT_CONVERSION = YES;
				CLANG_WARN_NON_LITERAL_NULL_CONVERSION = YES;
				CLANG_WARN_OBJC_IMPLICIT_RETAIN_SELF = YES;
				CLANG_WARN_OBJC_LITERAL_CONVERSION = YES;
				CLANG_WARN_OBJC_ROOT_CLASS = YES_ERROR;
				CLANG_WARN_QUOTED_INCLUDE_IN_FRAMEWORK_HEADER = YES;
				CLANG_WARN_RANGE_LOOP_ANALYSIS = YES;
				CLANG_WARN_STRICT_PROTOTYPES = YES;
				CLANG_WARN_SUSPICIOUS_MOVE = YES;
				CLANG_WARN_UNGUARDED_AVAILABILITY = YES_AGGRESSIVE;
				CLANG_WARN_UNREACHABLE_CODE = YES;
				CLANG_WARN__DUPLICATE_METHOD_MATCH = YES;
				COPY_PHASE_STRIP = NO;
				DEBUG_INFORMATION_FORMAT = dwarf;
				ENABLE_STRICT_OBJC_MSGSEND = YES;
				ENABLE_TESTABILITY = YES;
				GCC_C_LANGUAGE_STANDARD = gnu11;
				GCC_DYNAMIC_NO_PIC = NO;
				GCC_NO_COMMON_BLOCKS = YES;
				GCC_OPTIMIZATION_LEVEL = 0;
				GCC_PREPROCESSOR_DEFINITIONS = (
					"DEBUG=1",
					"$(inherited)",
				);
				GCC_WARN_64_TO_32_BIT_CONVERSION = YES;
				GCC_WARN_ABOUT_RETURN_TYPE = YES_ERROR;
				GCC_WARN_UNDECLARED_SELECTOR = YES;
				GCC_WARN_UNINITIALIZED_AUTOS = YES_AGGRESSIVE;
				GCC_WARN_UNUSED_FUNCTION = YES;
				GCC_WARN_UNUSED_VARIABLE = YES;
				IPHONEOS_DEPLOYMENT_TARGET = 15.0;
				MTL_ENABLE_DEBUG_INFO = INCLUDE_SOURCE;
				MTL_FAST_MATH = YES;
				ONLY_ACTIVE_ARCH = YES;
				SDKROOT = iphoneos;
				SWIFT_ACTIVE_COMPILATION_CONDITIONS = DEBUG;
				SWIFT_OPTIMIZATION_LEVEL = "-Onone";
			};
			name = Debug;
		};
		C7698480287473120084ACFB /* Release */ = {
			isa = XCBuildConfiguration;
			buildSettings = {
				ALWAYS_SEARCH_USER_PATHS = NO;
				CLANG_ANALYZER_NONNULL = YES;
				CLANG_ANALYZER_NUMBER_OBJECT_CONVERSION = YES_AGGRESSIVE;
				CLANG_CXX_LANGUAGE_STANDARD = "gnu++17";
				CLANG_ENABLE_MODULES = YES;
				CLANG_ENABLE_OBJC_ARC = YES;
				CLANG_ENABLE_OBJC_WEAK = YES;
				CLANG_WARN_BLOCK_CAPTURE_AUTORELEASING = YES;
				CLANG_WARN_BOOL_CONVERSION = YES;
				CLANG_WARN_COMMA = YES;
				CLANG_WARN_CONSTANT_CONVERSION = YES;
				CLANG_WARN_DEPRECATED_OBJC_IMPLEMENTATIONS = YES;
				CLANG_WARN_DIRECT_OBJC_ISA_USAGE = YES_ERROR;
				CLANG_WARN_DOCUMENTATION_COMMENTS = YES;
				CLANG_WARN_EMPTY_BODY = YES;
				CLANG_WARN_ENUM_CONVERSION = YES;
				CLANG_WARN_INFINITE_RECURSION = YES;
				CLANG_WARN_INT_CONVERSION = YES;
				CLANG_WARN_NON_LITERAL_NULL_CONVERSION = YES;
				CLANG_WARN_OBJC_IMPLICIT_RETAIN_SELF = YES;
				CLANG_WARN_OBJC_LITERAL_CONVERSION = YES;
				CLANG_WARN_OBJC_ROOT_CLASS = YES_ERROR;
				CLANG_WARN_QUOTED_INCLUDE_IN_FRAMEWORK_HEADER = YES;
				CLANG_WARN_RANGE_LOOP_ANALYSIS = YES;
				CLANG_WARN_STRICT_PROTOTYPES = YES;
				CLANG_WARN_SUSPICIOUS_MOVE = YES;
				CLANG_WARN_UNGUARDED_AVAILABILITY = YES_AGGRESSIVE;
				CLANG_WARN_UNREACHABLE_CODE = YES;
				CLANG_WARN__DUPLICATE_METHOD_MATCH = YES;
				COPY_PHASE_STRIP = NO;
				DEBUG_INFORMATION_FORMAT = "dwarf-with-dsym";
				ENABLE_NS_ASSERTIONS = NO;
				ENABLE_STRICT_OBJC_MSGSEND = YES;
				GCC_C_LANGUAGE_STANDARD = gnu11;
				GCC_NO_COMMON_BLOCKS = YES;
				GCC_WARN_64_TO_32_BIT_CONVERSION = YES;
				GCC_WARN_ABOUT_RETURN_TYPE = YES_ERROR;
				GCC_WARN_UNDECLARED_SELECTOR = YES;
				GCC_WARN_UNINITIALIZED_AUTOS = YES_AGGRESSIVE;
				GCC_WARN_UNUSED_FUNCTION = YES;
				GCC_WARN_UNUSED_VARIABLE = YES;
				IPHONEOS_DEPLOYMENT_TARGET = 15.0;
				MTL_ENABLE_DEBUG_INFO = NO;
				MTL_FAST_MATH = YES;
				SDKROOT = iphoneos;
				SWIFT_COMPILATION_MODE = wholemodule;
				SWIFT_OPTIMIZATION_LEVEL = "-O";
				VALIDATE_PRODUCT = YES;
			};
			name = Release;
		};
		C7698482287473120084ACFB /* Debug */ = {
			isa = XCBuildConfiguration;
			buildSettings = {
				ASSETCATALOG_COMPILER_APPICON_NAME = AppIcon;
				ASSETCATALOG_COMPILER_GLOBAL_ACCENT_COLOR_NAME = AccentColor;
				CODE_SIGN_STYLE = Automatic;
				CURRENT_PROJECT_VERSION = 1;
				DEVELOPMENT_TEAM = Z629PZ4XVL;
				GENERATE_INFOPLIST_FILE = YES;
				INFOPLIST_FILE = UIKitCombine/App/Info.plist;
				INFOPLIST_KEY_NSLocationAlwaysAndWhenInUseUsageDescription = "Location Always and When In Use Usage Description";
				INFOPLIST_KEY_NSLocationWhenInUseUsageDescription = "Location When In Use Usage Description";
				INFOPLIST_KEY_UIApplicationSupportsIndirectInputEvents = YES;
				INFOPLIST_KEY_UILaunchStoryboardName = LaunchScreen;
				INFOPLIST_KEY_UIMainStoryboardFile = Main;
				INFOPLIST_KEY_UISupportedInterfaceOrientations_iPad = "UIInterfaceOrientationPortrait UIInterfaceOrientationPortraitUpsideDown UIInterfaceOrientationLandscapeLeft UIInterfaceOrientationLandscapeRight";
				INFOPLIST_KEY_UISupportedInterfaceOrientations_iPhone = "UIInterfaceOrientationPortrait UIInterfaceOrientationLandscapeLeft UIInterfaceOrientationLandscapeRight";
				IPHONEOS_DEPLOYMENT_TARGET = 15.0;
				LD_RUNPATH_SEARCH_PATHS = (
					"$(inherited)",
					"@executable_path/Frameworks",
				);
				MARKETING_VERSION = 1.0;
				PRODUCT_BUNDLE_IDENTIFIER = com.moonjs.UIKitCombine;
				PRODUCT_NAME = "$(TARGET_NAME)";
				SWIFT_EMIT_LOC_STRINGS = YES;
				SWIFT_VERSION = 5.0;
				TARGETED_DEVICE_FAMILY = "1,2";
			};
			name = Debug;
		};
		C7698483287473120084ACFB /* Release */ = {
			isa = XCBuildConfiguration;
			buildSettings = {
				ASSETCATALOG_COMPILER_APPICON_NAME = AppIcon;
				ASSETCATALOG_COMPILER_GLOBAL_ACCENT_COLOR_NAME = AccentColor;
				CODE_SIGN_STYLE = Automatic;
				CURRENT_PROJECT_VERSION = 1;
				DEVELOPMENT_TEAM = Z629PZ4XVL;
				GENERATE_INFOPLIST_FILE = YES;
				INFOPLIST_FILE = UIKitCombine/App/Info.plist;
				INFOPLIST_KEY_NSLocationAlwaysAndWhenInUseUsageDescription = "Location Always and When In Use Usage Description";
				INFOPLIST_KEY_NSLocationWhenInUseUsageDescription = "Location When In Use Usage Description";
				INFOPLIST_KEY_UIApplicationSupportsIndirectInputEvents = YES;
				INFOPLIST_KEY_UILaunchStoryboardName = LaunchScreen;
				INFOPLIST_KEY_UIMainStoryboardFile = Main;
				INFOPLIST_KEY_UISupportedInterfaceOrientations_iPad = "UIInterfaceOrientationPortrait UIInterfaceOrientationPortraitUpsideDown UIInterfaceOrientationLandscapeLeft UIInterfaceOrientationLandscapeRight";
				INFOPLIST_KEY_UISupportedInterfaceOrientations_iPhone = "UIInterfaceOrientationPortrait UIInterfaceOrientationLandscapeLeft UIInterfaceOrientationLandscapeRight";
				IPHONEOS_DEPLOYMENT_TARGET = 15.0;
				LD_RUNPATH_SEARCH_PATHS = (
					"$(inherited)",
					"@executable_path/Frameworks",
				);
				MARKETING_VERSION = 1.0;
				PRODUCT_BUNDLE_IDENTIFIER = com.moonjs.UIKitCombine;
				PRODUCT_NAME = "$(TARGET_NAME)";
				SWIFT_EMIT_LOC_STRINGS = YES;
				SWIFT_VERSION = 5.0;
				TARGETED_DEVICE_FAMILY = "1,2";
			};
			name = Release;
		};
/* End XCBuildConfiguration section */

/* Begin XCConfigurationList section */
		C7698468287473110084ACFB /* Build configuration list for PBXProject "UIKitCombine" */ = {
			isa = XCConfigurationList;
			buildConfigurations = (
				C769847F287473120084ACFB /* Debug */,
				C7698480287473120084ACFB /* Release */,
			);
			defaultConfigurationIsVisible = 0;
			defaultConfigurationName = Release;
		};
		C7698481287473120084ACFB /* Build configuration list for PBXNativeTarget "UIKitCombine" */ = {
			isa = XCConfigurationList;
			buildConfigurations = (
				C7698482287473120084ACFB /* Debug */,
				C7698483287473120084ACFB /* Release */,
			);
			defaultConfigurationIsVisible = 0;
			defaultConfigurationName = Release;
		};
/* End XCConfigurationList section */

/* Begin XCRemoteSwiftPackageReference section */
		C781482B2875DCD90022E170 /* XCRemoteSwiftPackageReference "Kingfisher" */ = {
			isa = XCRemoteSwiftPackageReference;
			repositoryURL = "https://github.com/onevcat/Kingfisher.git";
			requirement = {
				kind = exactVersion;
				version = 7.3.0;
			};
		};
/* End XCRemoteSwiftPackageReference section */

/* Begin XCSwiftPackageProductDependency section */
		C781482C2875DCD90022E170 /* Kingfisher */ = {
			isa = XCSwiftPackageProductDependency;
			package = C781482B2875DCD90022E170 /* XCRemoteSwiftPackageReference "Kingfisher" */;
			productName = Kingfisher;
		};
/* End XCSwiftPackageProductDependency section */
	};
	rootObject = C7698465287473110084ACFB /* Project object */;
}
